// !$*UTF8*$!
{
	archiveVersion = 1;
	classes = {
	};
	objectVersion = 46;
	objects = {

/* Begin PBXBuildFile section */
		9127E23C1E89FC1B00706D23 /* main.m in Sources */ = {isa = PBXBuildFile; fileRef = 9127E23B1E89FC1B00706D23 /* main.m */; };
		9127E2661E8A065200706D23 /* AppDelegate.m in Sources */ = {isa = PBXBuildFile; fileRef = 9127E2641E8A065200706D23 /* AppDelegate.m */; };
		9127E2691E8A0CF700706D23 /* WTabbarController.m in Sources */ = {isa = PBXBuildFile; fileRef = 9127E2681E8A0CF700706D23 /* WTabbarController.m */; };
		9127E2701E8A0EBC00706D23 /* UIColor+WExtension.m in Sources */ = {isa = PBXBuildFile; fileRef = 9127E26F1E8A0EBC00706D23 /* UIColor+WExtension.m */; };
		9127E2761E8A118000706D23 /* WNavigationController.m in Sources */ = {isa = PBXBuildFile; fileRef = 9127E2751E8A118000706D23 /* WNavigationController.m */; };
		9127E2781E8A13D500706D23 /* Launch Screen.storyboard in Resources */ = {isa = PBXBuildFile; fileRef = 9127E2771E8A13D500706D23 /* Launch Screen.storyboard */; };
		9127E27B1E8A173100706D23 /* WRecordViewController.m in Sources */ = {isa = PBXBuildFile; fileRef = 9127E27A1E8A173100706D23 /* WRecordViewController.m */; };
		9127E27E1E8A33A400706D23 /* WRecordCategoryView.m in Sources */ = {isa = PBXBuildFile; fileRef = 9127E27D1E8A33A400706D23 /* WRecordCategoryView.m */; };
		9127E2811E8A39DA00706D23 /* WRecordCircleView.m in Sources */ = {isa = PBXBuildFile; fileRef = 9127E2801E8A39DA00706D23 /* WRecordCircleView.m */; };
		9127E2891E8A3DEE00706D23 /* WBaseChart.m in Sources */ = {isa = PBXBuildFile; fileRef = 9127E2881E8A3DEE00706D23 /* WBaseChart.m */; };
		9127E28C1E8A3F4200706D23 /* NSDate+WExtension.m in Sources */ = {isa = PBXBuildFile; fileRef = 9127E28B1E8A3F4200706D23 /* NSDate+WExtension.m */; };
		9127E28E1E8A41D400706D23 /* CoreLocation.framework in Frameworks */ = {isa = PBXBuildFile; fileRef = 9127E28D1E8A41D400706D23 /* CoreLocation.framework */; };
		9127E2901E8A41DC00706D23 /* MapKit.framework in Frameworks */ = {isa = PBXBuildFile; fileRef = 9127E28F1E8A41DC00706D23 /* MapKit.framework */; };
		9127E2921E8A41EC00706D23 /* HealthKit.framework in Frameworks */ = {isa = PBXBuildFile; fileRef = 9127E2911E8A41EC00706D23 /* HealthKit.framework */; };
		9127E2961E8A426C00706D23 /* WUserModel.m in Sources */ = {isa = PBXBuildFile; fileRef = 9127E2951E8A426C00706D23 /* WUserModel.m */; };
		9127E2991E8A43A700706D23 /* WHealthDateManager.m in Sources */ = {isa = PBXBuildFile; fileRef = 9127E2981E8A43A700706D23 /* WHealthDateManager.m */; };
		9127E29C1E8A472300706D23 /* WChartFactory.m in Sources */ = {isa = PBXBuildFile; fileRef = 9127E29B1E8A472300706D23 /* WChartFactory.m */; };
		9127E2A21E8A480800706D23 /* WColumChart.m in Sources */ = {isa = PBXBuildFile; fileRef = 9127E2A11E8A480800706D23 /* WColumChart.m */; };
		9127E2A51E8A48AB00706D23 /* WLineChart.m in Sources */ = {isa = PBXBuildFile; fileRef = 9127E2A41E8A48AB00706D23 /* WLineChart.m */; };
		91A82CBA1E8A88D80039228D /* Images.xcassets in Resources */ = {isa = PBXBuildFile; fileRef = 91A82CB91E8A88D80039228D /* Images.xcassets */; };
		E5D4C3BEC5A3FBFB4B83BE50 /* libPods-W.a in Frameworks */ = {isa = PBXBuildFile; fileRef = F859A2507DCEBB891D21C142 /* libPods-W.a */; };
/* End PBXBuildFile section */

/* Begin PBXFileReference section */
		9127E2371E89FC1B00706D23 /* W.app */ = {isa = PBXFileReference; explicitFileType = wrapper.application; includeInIndex = 0; path = W.app; sourceTree = BUILT_PRODUCTS_DIR; };
		9127E23B1E89FC1B00706D23 /* main.m */ = {isa = PBXFileReference; lastKnownFileType = sourcecode.c.objc; path = main.m; sourceTree = "<group>"; };
		9127E24B1E89FC1B00706D23 /* Info.plist */ = {isa = PBXFileReference; lastKnownFileType = text.plist.xml; path = Info.plist; sourceTree = "<group>"; };
		9127E2631E8A065200706D23 /* AppDelegate.h */ = {isa = PBXFileReference; fileEncoding = 4; lastKnownFileType = sourcecode.c.h; path = AppDelegate.h; sourceTree = "<group>"; };
		9127E2641E8A065200706D23 /* AppDelegate.m */ = {isa = PBXFileReference; fileEncoding = 4; lastKnownFileType = sourcecode.c.objc; path = AppDelegate.m; sourceTree = "<group>"; };
		9127E2671E8A0CF700706D23 /* WTabbarController.h */ = {isa = PBXFileReference; fileEncoding = 4; lastKnownFileType = sourcecode.c.h; path = WTabbarController.h; sourceTree = "<group>"; };
		9127E2681E8A0CF700706D23 /* WTabbarController.m */ = {isa = PBXFileReference; fileEncoding = 4; lastKnownFileType = sourcecode.c.objc; path = WTabbarController.m; sourceTree = "<group>"; };
		9127E26E1E8A0EBC00706D23 /* UIColor+WExtension.h */ = {isa = PBXFileReference; fileEncoding = 4; lastKnownFileType = sourcecode.c.h; path = "UIColor+WExtension.h"; sourceTree = "<group>"; };
		9127E26F1E8A0EBC00706D23 /* UIColor+WExtension.m */ = {isa = PBXFileReference; fileEncoding = 4; lastKnownFileType = sourcecode.c.objc; path = "UIColor+WExtension.m"; sourceTree = "<group>"; };
		9127E2721E8A0F8500706D23 /* Macros.h */ = {isa = PBXFileReference; lastKnownFileType = sourcecode.c.h; path = Macros.h; sourceTree = "<group>"; };
		9127E2731E8A10AF00706D23 /* PrefixHeader.pch */ = {isa = PBXFileReference; lastKnownFileType = sourcecode.c.h; path = PrefixHeader.pch; sourceTree = "<group>"; };
		9127E2741E8A118000706D23 /* WNavigationController.h */ = {isa = PBXFileReference; fileEncoding = 4; lastKnownFileType = sourcecode.c.h; path = WNavigationController.h; sourceTree = "<group>"; };
		9127E2751E8A118000706D23 /* WNavigationController.m */ = {isa = PBXFileReference; fileEncoding = 4; lastKnownFileType = sourcecode.c.objc; path = WNavigationController.m; sourceTree = "<group>"; };
		9127E2771E8A13D500706D23 /* Launch Screen.storyboard */ = {isa = PBXFileReference; fileEncoding = 4; lastKnownFileType = file.storyboard; path = "Launch Screen.storyboard"; sourceTree = "<group>"; };
		9127E2791E8A173100706D23 /* WRecordViewController.h */ = {isa = PBXFileReference; fileEncoding = 4; lastKnownFileType = sourcecode.c.h; path = WRecordViewController.h; sourceTree = "<group>"; };
		9127E27A1E8A173100706D23 /* WRecordViewController.m */ = {isa = PBXFileReference; fileEncoding = 4; lastKnownFileType = sourcecode.c.objc; path = WRecordViewController.m; sourceTree = "<group>"; };
		9127E27C1E8A33A400706D23 /* WRecordCategoryView.h */ = {isa = PBXFileReference; fileEncoding = 4; lastKnownFileType = sourcecode.c.h; path = WRecordCategoryView.h; sourceTree = "<group>"; };
		9127E27D1E8A33A400706D23 /* WRecordCategoryView.m */ = {isa = PBXFileReference; fileEncoding = 4; lastKnownFileType = sourcecode.c.objc; path = WRecordCategoryView.m; sourceTree = "<group>"; };
		9127E27F1E8A39DA00706D23 /* WRecordCircleView.h */ = {isa = PBXFileReference; fileEncoding = 4; lastKnownFileType = sourcecode.c.h; path = WRecordCircleView.h; sourceTree = "<group>"; };
		9127E2801E8A39DA00706D23 /* WRecordCircleView.m */ = {isa = PBXFileReference; fileEncoding = 4; lastKnownFileType = sourcecode.c.objc; path = WRecordCircleView.m; sourceTree = "<group>"; };
		9127E2871E8A3DEE00706D23 /* WBaseChart.h */ = {isa = PBXFileReference; fileEncoding = 4; lastKnownFileType = sourcecode.c.h; path = WBaseChart.h; sourceTree = "<group>"; };
		9127E2881E8A3DEE00706D23 /* WBaseChart.m */ = {isa = PBXFileReference; fileEncoding = 4; lastKnownFileType = sourcecode.c.objc; path = WBaseChart.m; sourceTree = "<group>"; };
		9127E28A1E8A3F4200706D23 /* NSDate+WExtension.h */ = {isa = PBXFileReference; fileEncoding = 4; lastKnownFileType = sourcecode.c.h; path = "NSDate+WExtension.h"; sourceTree = "<group>"; };
		9127E28B1E8A3F4200706D23 /* NSDate+WExtension.m */ = {isa = PBXFileReference; fileEncoding = 4; lastKnownFileType = sourcecode.c.objc; path = "NSDate+WExtension.m"; sourceTree = "<group>"; };
		9127E28D1E8A41D400706D23 /* CoreLocation.framework */ = {isa = PBXFileReference; lastKnownFileType = wrapper.framework; name = CoreLocation.framework; path = System/Library/Frameworks/CoreLocation.framework; sourceTree = SDKROOT; };
		9127E28F1E8A41DC00706D23 /* MapKit.framework */ = {isa = PBXFileReference; lastKnownFileType = wrapper.framework; name = MapKit.framework; path = System/Library/Frameworks/MapKit.framework; sourceTree = SDKROOT; };
		9127E2911E8A41EC00706D23 /* HealthKit.framework */ = {isa = PBXFileReference; lastKnownFileType = wrapper.framework; name = HealthKit.framework; path = System/Library/Frameworks/HealthKit.framework; sourceTree = SDKROOT; };
		9127E2931E8A41F200706D23 /* W.entitlements */ = {isa = PBXFileReference; lastKnownFileType = text.plist.entitlements; path = W.entitlements; sourceTree = "<group>"; };
		9127E2941E8A426C00706D23 /* WUserModel.h */ = {isa = PBXFileReference; fileEncoding = 4; lastKnownFileType = sourcecode.c.h; path = WUserModel.h; sourceTree = "<group>"; };
		9127E2951E8A426C00706D23 /* WUserModel.m */ = {isa = PBXFileReference; fileEncoding = 4; lastKnownFileType = sourcecode.c.objc; path = WUserModel.m; sourceTree = "<group>"; };
		9127E2971E8A43A700706D23 /* WHealthDateManager.h */ = {isa = PBXFileReference; fileEncoding = 4; lastKnownFileType = sourcecode.c.h; path = WHealthDateManager.h; sourceTree = "<group>"; };
		9127E2981E8A43A700706D23 /* WHealthDateManager.m */ = {isa = PBXFileReference; fileEncoding = 4; lastKnownFileType = sourcecode.c.objc; path = WHealthDateManager.m; sourceTree = "<group>"; };
		9127E29A1E8A472300706D23 /* WChartFactory.h */ = {isa = PBXFileReference; fileEncoding = 4; lastKnownFileType = sourcecode.c.h; path = WChartFactory.h; sourceTree = "<group>"; };
		9127E29B1E8A472300706D23 /* WChartFactory.m */ = {isa = PBXFileReference; fileEncoding = 4; lastKnownFileType = sourcecode.c.objc; path = WChartFactory.m; sourceTree = "<group>"; };
		9127E2A01E8A480800706D23 /* WColumChart.h */ = {isa = PBXFileReference; fileEncoding = 4; lastKnownFileType = sourcecode.c.h; path = WColumChart.h; sourceTree = "<group>"; };
		9127E2A11E8A480800706D23 /* WColumChart.m */ = {isa = PBXFileReference; fileEncoding = 4; lastKnownFileType = sourcecode.c.objc; path = WColumChart.m; sourceTree = "<group>"; };
		9127E2A31E8A48AB00706D23 /* WLineChart.h */ = {isa = PBXFileReference; fileEncoding = 4; lastKnownFileType = sourcecode.c.h; path = WLineChart.h; sourceTree = "<group>"; };
		9127E2A41E8A48AB00706D23 /* WLineChart.m */ = {isa = PBXFileReference; fileEncoding = 4; lastKnownFileType = sourcecode.c.objc; path = WLineChart.m; sourceTree = "<group>"; };
		91A82CB91E8A88D80039228D /* Images.xcassets */ = {isa = PBXFileReference; lastKnownFileType = folder.assetcatalog; path = Images.xcassets; sourceTree = "<group>"; };
		A15CFD733427EA5DD38171A4 /* Pods-W.release.xcconfig */ = {isa = PBXFileReference; includeInIndex = 1; lastKnownFileType = text.xcconfig; name = "Pods-W.release.xcconfig"; path = "Pods/Target Support Files/Pods-W/Pods-W.release.xcconfig"; sourceTree = "<group>"; };
		E45D223DB5AE50AED17DBEC7 /* Pods-W.debug.xcconfig */ = {isa = PBXFileReference; includeInIndex = 1; lastKnownFileType = text.xcconfig; name = "Pods-W.debug.xcconfig"; path = "Pods/Target Support Files/Pods-W/Pods-W.debug.xcconfig"; sourceTree = "<group>"; };
		F859A2507DCEBB891D21C142 /* libPods-W.a */ = {isa = PBXFileReference; explicitFileType = archive.ar; includeInIndex = 0; path = "libPods-W.a"; sourceTree = BUILT_PRODUCTS_DIR; };
/* End PBXFileReference section */

/* Begin PBXFrameworksBuildPhase section */
		9127E2341E89FC1B00706D23 /* Frameworks */ = {
			isa = PBXFrameworksBuildPhase;
			buildActionMask = 2147483647;
			files = (
				9127E2921E8A41EC00706D23 /* HealthKit.framework in Frameworks */,
				9127E2901E8A41DC00706D23 /* MapKit.framework in Frameworks */,
				9127E28E1E8A41D400706D23 /* CoreLocation.framework in Frameworks */,
				E5D4C3BEC5A3FBFB4B83BE50 /* libPods-W.a in Frameworks */,
			);
			runOnlyForDeploymentPostprocessing = 0;
		};
/* End PBXFrameworksBuildPhase section */

/* Begin PBXGroup section */
		492A049388AA0C08720622E4 /* Pods */ = {
			isa = PBXGroup;
			children = (
				E45D223DB5AE50AED17DBEC7 /* Pods-W.debug.xcconfig */,
				A15CFD733427EA5DD38171A4 /* Pods-W.release.xcconfig */,
			);
			name = Pods;
			sourceTree = "<group>";
		};
		9127E22E1E89FC1B00706D23 = {
			isa = PBXGroup;
			children = (
				9127E2391E89FC1B00706D23 /* W */,
				9127E2381E89FC1B00706D23 /* Products */,
				492A049388AA0C08720622E4 /* Pods */,
				E0F506E1ED9A316BC3592A9D /* Frameworks */,
			);
			sourceTree = "<group>";
		};
		9127E2381E89FC1B00706D23 /* Products */ = {
			isa = PBXGroup;
			children = (
				9127E2371E89FC1B00706D23 /* W.app */,
			);
			name = Products;
			sourceTree = "<group>";
		};
		9127E2391E89FC1B00706D23 /* W */ = {
			isa = PBXGroup;
			children = (
				9127E2931E8A41F200706D23 /* W.entitlements */,
				9127E2561E8A064500706D23 /* WAnalyse */,
				9127E25A1E8A064500706D23 /* WMe */,
				9127E25E1E8A064500706D23 /* WRecord */,
				9127E2621E8A065200706D23 /* Base */,
				9127E2651E8A065200706D23 /* Category */,
				9127E2551E8A064500706D23 /* Tools */,
				9127E24B1E89FC1B00706D23 /* Info.plist */,
				9127E2771E8A13D500706D23 /* Launch Screen.storyboard */,
				9127E23B1E89FC1B00706D23 /* main.m */,
				91A82CB91E8A88D80039228D /* Images.xcassets */,
				9127E23A1E89FC1B00706D23 /* Supporting Files */,
			);
			path = W;
			sourceTree = "<group>";
		};
		9127E23A1E89FC1B00706D23 /* Supporting Files */ = {
			isa = PBXGroup;
			children = (
			);
			name = "Supporting Files";
			sourceTree = "<group>";
		};
		9127E2551E8A064500706D23 /* Tools */ = {
			isa = PBXGroup;
			children = (
				9127E2861E8A3DEE00706D23 /* Charts */,
				9127E2731E8A10AF00706D23 /* PrefixHeader.pch */,
				9127E2721E8A0F8500706D23 /* Macros.h */,
			);
			path = Tools;
			sourceTree = "<group>";
		};
		9127E2561E8A064500706D23 /* WAnalyse */ = {
			isa = PBXGroup;
			children = (
				9127E2571E8A064500706D23 /* Controller */,
				9127E2581E8A064500706D23 /* Model */,
				9127E2591E8A064500706D23 /* View */,
			);
			path = WAnalyse;
			sourceTree = "<group>";
		};
		9127E2571E8A064500706D23 /* Controller */ = {
			isa = PBXGroup;
			children = (
			);
			path = Controller;
			sourceTree = "<group>";
		};
		9127E2581E8A064500706D23 /* Model */ = {
			isa = PBXGroup;
			children = (
			);
			path = Model;
			sourceTree = "<group>";
		};
		9127E2591E8A064500706D23 /* View */ = {
			isa = PBXGroup;
			children = (
			);
			path = View;
			sourceTree = "<group>";
		};
		9127E25A1E8A064500706D23 /* WMe */ = {
			isa = PBXGroup;
			children = (
				9127E25B1E8A064500706D23 /* Controller */,
				9127E25C1E8A064500706D23 /* Model */,
				9127E25D1E8A064500706D23 /* View */,
			);
			path = WMe;
			sourceTree = "<group>";
		};
		9127E25B1E8A064500706D23 /* Controller */ = {
			isa = PBXGroup;
			children = (
			);
			path = Controller;
			sourceTree = "<group>";
		};
		9127E25C1E8A064500706D23 /* Model */ = {
			isa = PBXGroup;
			children = (
				9127E2941E8A426C00706D23 /* WUserModel.h */,
				9127E2951E8A426C00706D23 /* WUserModel.m */,
			);
			path = Model;
			sourceTree = "<group>";
		};
		9127E25D1E8A064500706D23 /* View */ = {
			isa = PBXGroup;
			children = (
			);
			path = View;
			sourceTree = "<group>";
		};
		9127E25E1E8A064500706D23 /* WRecord */ = {
			isa = PBXGroup;
			children = (
				9127E25F1E8A064500706D23 /* Controller */,
				9127E2601E8A064500706D23 /* Model */,
				9127E2611E8A064500706D23 /* View */,
			);
			path = WRecord;
			sourceTree = "<group>";
		};
		9127E25F1E8A064500706D23 /* Controller */ = {
			isa = PBXGroup;
			children = (
				9127E2791E8A173100706D23 /* WRecordViewController.h */,
				9127E27A1E8A173100706D23 /* WRecordViewController.m */,
			);
			path = Controller;
			sourceTree = "<group>";
		};
		9127E2601E8A064500706D23 /* Model */ = {
			isa = PBXGroup;
			children = (
				9127E2971E8A43A700706D23 /* WHealthDateManager.h */,
				9127E2981E8A43A700706D23 /* WHealthDateManager.m */,
			);
			path = Model;
			sourceTree = "<group>";
		};
		9127E2611E8A064500706D23 /* View */ = {
			isa = PBXGroup;
			children = (
				9127E27C1E8A33A400706D23 /* WRecordCategoryView.h */,
				9127E27F1E8A39DA00706D23 /* WRecordCircleView.h */,
				9127E2801E8A39DA00706D23 /* WRecordCircleView.m */,
				9127E27D1E8A33A400706D23 /* WRecordCategoryView.m */,
			);
			path = View;
			sourceTree = "<group>";
		};
		9127E2621E8A065200706D23 /* Base */ = {
			isa = PBXGroup;
			children = (
				9127E2631E8A065200706D23 /* AppDelegate.h */,
				9127E2641E8A065200706D23 /* AppDelegate.m */,
				9127E2671E8A0CF700706D23 /* WTabbarController.h */,
				9127E2681E8A0CF700706D23 /* WTabbarController.m */,
				9127E2741E8A118000706D23 /* WNavigationController.h */,
				9127E2751E8A118000706D23 /* WNavigationController.m */,
			);
			path = Base;
			sourceTree = "<group>";
		};
		9127E2651E8A065200706D23 /* Category */ = {
			isa = PBXGroup;
			children = (
				9127E26E1E8A0EBC00706D23 /* UIColor+WExtension.h */,
				9127E26F1E8A0EBC00706D23 /* UIColor+WExtension.m */,
				9127E28A1E8A3F4200706D23 /* NSDate+WExtension.h */,
				9127E28B1E8A3F4200706D23 /* NSDate+WExtension.m */,
			);
			path = Category;
			sourceTree = "<group>";
		};
		9127E2861E8A3DEE00706D23 /* Charts */ = {
			isa = PBXGroup;
			children = (
				9127E2871E8A3DEE00706D23 /* WBaseChart.h */,
				9127E2881E8A3DEE00706D23 /* WBaseChart.m */,
				9127E29A1E8A472300706D23 /* WChartFactory.h */,
				9127E29B1E8A472300706D23 /* WChartFactory.m */,
				9127E2A01E8A480800706D23 /* WColumChart.h */,
				9127E2A11E8A480800706D23 /* WColumChart.m */,
				9127E2A31E8A48AB00706D23 /* WLineChart.h */,
				9127E2A41E8A48AB00706D23 /* WLineChart.m */,
			);
			path = Charts;
			sourceTree = "<group>";
		};
		E0F506E1ED9A316BC3592A9D /* Frameworks */ = {
			isa = PBXGroup;
			children = (
				9127E2911E8A41EC00706D23 /* HealthKit.framework */,
				9127E28F1E8A41DC00706D23 /* MapKit.framework */,
				9127E28D1E8A41D400706D23 /* CoreLocation.framework */,
				F859A2507DCEBB891D21C142 /* libPods-W.a */,
			);
			name = Frameworks;
			sourceTree = "<group>";
		};
/* End PBXGroup section */

/* Begin PBXNativeTarget section */
		9127E2361E89FC1B00706D23 /* W */ = {
			isa = PBXNativeTarget;
			buildConfigurationList = 9127E24E1E89FC1B00706D23 /* Build configuration list for PBXNativeTarget "W" */;
			buildPhases = (
				85E95DBF2F55CD52BB6C77BD /* [CP] Check Pods Manifest.lock */,
				9127E2331E89FC1B00706D23 /* Sources */,
				9127E2341E89FC1B00706D23 /* Frameworks */,
				9127E2351E89FC1B00706D23 /* Resources */,
				02255E3516A90C915A212100 /* [CP] Embed Pods Frameworks */,
				F361E891FECAFF4A67307F95 /* [CP] Copy Pods Resources */,
			);
			buildRules = (
			);
			dependencies = (
			);
			name = W;
			productName = W;
			productReference = 9127E2371E89FC1B00706D23 /* W.app */;
			productType = "com.apple.product-type.application";
		};
/* End PBXNativeTarget section */

/* Begin PBXProject section */
		9127E22F1E89FC1B00706D23 /* Project object */ = {
			isa = PBXProject;
			attributes = {
				CLASSPREFIX = W;
				LastUpgradeCheck = 0800;
				ORGANIZATIONNAME = harry.qian;
				TargetAttributes = {
					9127E2361E89FC1B00706D23 = {
						CreatedOnToolsVersion = 8.0;
						DevelopmentTeam = ZV87992WEQ;
						ProvisioningStyle = Automatic;
						SystemCapabilities = {
							com.apple.HealthKit = {
								enabled = 1;
							};
						};
					};
				};
			};
			buildConfigurationList = 9127E2321E89FC1B00706D23 /* Build configuration list for PBXProject "W" */;
			compatibilityVersion = "Xcode 3.2";
			developmentRegion = English;
			hasScannedForEncodings = 0;
			knownRegions = (
				en,
				Base,
			);
			mainGroup = 9127E22E1E89FC1B00706D23;
			productRefGroup = 9127E2381E89FC1B00706D23 /* Products */;
			projectDirPath = "";
			projectRoot = "";
			targets = (
				9127E2361E89FC1B00706D23 /* W */,
			);
		};
/* End PBXProject section */

/* Begin PBXResourcesBuildPhase section */
		9127E2351E89FC1B00706D23 /* Resources */ = {
			isa = PBXResourcesBuildPhase;
			buildActionMask = 2147483647;
			files = (
				9127E2781E8A13D500706D23 /* Launch Screen.storyboard in Resources */,
				91A82CBA1E8A88D80039228D /* Images.xcassets in Resources */,
			);
			runOnlyForDeploymentPostprocessing = 0;
		};
/* End PBXResourcesBuildPhase section */

/* Begin PBXShellScriptBuildPhase section */
		02255E3516A90C915A212100 /* [CP] Embed Pods Frameworks */ = {
			isa = PBXShellScriptBuildPhase;
			buildActionMask = 2147483647;
			files = (
			);
			inputPaths = (
			);
			name = "[CP] Embed Pods Frameworks";
			outputPaths = (
			);
			runOnlyForDeploymentPostprocessing = 0;
			shellPath = /bin/sh;
			shellScript = "\"${SRCROOT}/Pods/Target Support Files/Pods-W/Pods-W-frameworks.sh\"\n";
			showEnvVarsInLog = 0;
		};
		85E95DBF2F55CD52BB6C77BD /* [CP] Check Pods Manifest.lock */ = {
			isa = PBXShellScriptBuildPhase;
			buildActionMask = 2147483647;
			files = (
			);
			inputPaths = (
			);
			name = "[CP] Check Pods Manifest.lock";
			outputPaths = (
			);
			runOnlyForDeploymentPostprocessing = 0;
			shellPath = /bin/sh;
			shellScript = "diff \"${PODS_ROOT}/../Podfile.lock\" \"${PODS_ROOT}/Manifest.lock\" > /dev/null\nif [[ $? != 0 ]] ; then\n    cat << EOM\nerror: The sandbox is not in sync with the Podfile.lock. Run 'pod install' or update your CocoaPods installation.\nEOM\n    exit 1\nfi\n";
			showEnvVarsInLog = 0;
		};
		F361E891FECAFF4A67307F95 /* [CP] Copy Pods Resources */ = {
			isa = PBXShellScriptBuildPhase;
			buildActionMask = 2147483647;
			files = (
			);
			inputPaths = (
			);
			name = "[CP] Copy Pods Resources";
			outputPaths = (
			);
			runOnlyForDeploymentPostprocessing = 0;
			shellPath = /bin/sh;
			shellScript = "\"${SRCROOT}/Pods/Target Support Files/Pods-W/Pods-W-resources.sh\"\n";
			showEnvVarsInLog = 0;
		};
/* End PBXShellScriptBuildPhase section */

/* Begin PBXSourcesBuildPhase section */
		9127E2331E89FC1B00706D23 /* Sources */ = {
			isa = PBXSourcesBuildPhase;
			buildActionMask = 2147483647;
			files = (
				9127E28C1E8A3F4200706D23 /* NSDate+WExtension.m in Sources */,
				9127E29C1E8A472300706D23 /* WChartFactory.m in Sources */,
				9127E2991E8A43A700706D23 /* WHealthDateManager.m in Sources */,
				9127E27E1E8A33A400706D23 /* WRecordCategoryView.m in Sources */,
				9127E2811E8A39DA00706D23 /* WRecordCircleView.m in Sources */,
				9127E2761E8A118000706D23 /* WNavigationController.m in Sources */,
				9127E27B1E8A173100706D23 /* WRecordViewController.m in Sources */,
				9127E2691E8A0CF700706D23 /* WTabbarController.m in Sources */,
				9127E2661E8A065200706D23 /* AppDelegate.m in Sources */,
				9127E2A51E8A48AB00706D23 /* WLineChart.m in Sources */,
				9127E2A21E8A480800706D23 /* WColumChart.m in Sources */,
				9127E2891E8A3DEE00706D23 /* WBaseChart.m in Sources */,
				9127E2961E8A426C00706D23 /* WUserModel.m in Sources */,
				9127E23C1E89FC1B00706D23 /* main.m in Sources */,
				9127E2701E8A0EBC00706D23 /* UIColor+WExtension.m in Sources */,
			);
			runOnlyForDeploymentPostprocessing = 0;
		};
/* End PBXSourcesBuildPhase section */

/* Begin XCBuildConfiguration section */
		9127E24C1E89FC1B00706D23 /* Debug */ = {
			isa = XCBuildConfiguration;
			buildSettings = {
				ALWAYS_SEARCH_USER_PATHS = NO;
				CLANG_ANALYZER_NONNULL = YES;
				CLANG_CXX_LANGUAGE_STANDARD = "gnu++0x";
				CLANG_CXX_LIBRARY = "libc++";
				CLANG_ENABLE_MODULES = YES;
				CLANG_ENABLE_OBJC_ARC = YES;
				CLANG_WARN_BOOL_CONVERSION = YES;
				CLANG_WARN_CONSTANT_CONVERSION = YES;
				CLANG_WARN_DIRECT_OBJC_ISA_USAGE = YES_ERROR;
				CLANG_WARN_DOCUMENTATION_COMMENTS = YES;
				CLANG_WARN_EMPTY_BODY = YES;
				CLANG_WARN_ENUM_CONVERSION = YES;
				CLANG_WARN_INFINITE_RECURSION = YES;
				CLANG_WARN_INT_CONVERSION = YES;
				CLANG_WARN_OBJC_ROOT_CLASS = YES_ERROR;
				CLANG_WARN_SUSPICIOUS_MOVES = YES;
				CLANG_WARN_UNREACHABLE_CODE = YES;
				CLANG_WARN__DUPLICATE_METHOD_MATCH = YES;
				"CODE_SIGN_IDENTITY[sdk=iphoneos*]" = "iPhone Developer";
				COPY_PHASE_STRIP = NO;
				DEBUG_INFORMATION_FORMAT = dwarf;
				ENABLE_STRICT_OBJC_MSGSEND = YES;
				ENABLE_TESTABILITY = YES;
				GCC_C_LANGUAGE_STANDARD = gnu99;
				GCC_DYNAMIC_NO_PIC = NO;
				GCC_NO_COMMON_BLOCKS = YES;
				GCC_OPTIMIZATION_LEVEL = 0;
				GCC_PREPROCESSOR_DEFINITIONS = (
					"DEBUG=1",
					"$(inherited)",
				);
				GCC_WARN_64_TO_32_BIT_CONVERSION = YES;
				GCC_WARN_ABOUT_RETURN_TYPE = YES_ERROR;
				GCC_WARN_UNDECLARED_SELECTOR = YES;
				GCC_WARN_UNINITIALIZED_AUTOS = YES_AGGRESSIVE;
				GCC_WARN_UNUSED_FUNCTION = YES;
				GCC_WARN_UNUSED_VARIABLE = YES;
				IPHONEOS_DEPLOYMENT_TARGET = 10.0;
				MTL_ENABLE_DEBUG_INFO = YES;
				ONLY_ACTIVE_ARCH = YES;
				SDKROOT = iphoneos;
			};
			name = Debug;
		};
		9127E24D1E89FC1B00706D23 /* Release */ = {
			isa = XCBuildConfiguration;
			buildSettings = {
				ALWAYS_SEARCH_USER_PATHS = NO;
				CLANG_ANALYZER_NONNULL = YES;
				CLANG_CXX_LANGUAGE_STANDARD = "gnu++0x";
				CLANG_CXX_LIBRARY = "libc++";
				CLANG_ENABLE_MODULES = YES;
				CLANG_ENABLE_OBJC_ARC = YES;
				CLANG_WARN_BOOL_CONVERSION = YES;
				CLANG_WARN_CONSTANT_CONVERSION = YES;
				CLANG_WARN_DIRECT_OBJC_ISA_USAGE = YES_ERROR;
				CLANG_WARN_DOCUMENTATION_COMMENTS = YES;
				CLANG_WARN_EMPTY_BODY = YES;
				CLANG_WARN_ENUM_CONVERSION = YES;
				CLANG_WARN_INFINITE_RECURSION = YES;
				CLANG_WARN_INT_CONVERSION = YES;
				CLANG_WARN_OBJC_ROOT_CLASS = YES_ERROR;
				CLANG_WARN_SUSPICIOUS_MOVES = YES;
				CLANG_WARN_UNREACHABLE_CODE = YES;
				CLANG_WARN__DUPLICATE_METHOD_MATCH = YES;
				"CODE_SIGN_IDENTITY[sdk=iphoneos*]" = "iPhone Developer";
				COPY_PHASE_STRIP = NO;
				DEBUG_INFORMATION_FORMAT = "dwarf-with-dsym";
				ENABLE_NS_ASSERTIONS = NO;
				ENABLE_STRICT_OBJC_MSGSEND = YES;
				GCC_C_LANGUAGE_STANDARD = gnu99;
				GCC_NO_COMMON_BLOCKS = YES;
				GCC_WARN_64_TO_32_BIT_CONVERSION = YES;
				GCC_WARN_ABOUT_RETURN_TYPE = YES_ERROR;
				GCC_WARN_UNDECLARED_SELECTOR = YES;
				GCC_WARN_UNINITIALIZED_AUTOS = YES_AGGRESSIVE;
				GCC_WARN_UNUSED_FUNCTION = YES;
				GCC_WARN_UNUSED_VARIABLE = YES;
				IPHONEOS_DEPLOYMENT_TARGET = 10.0;
				MTL_ENABLE_DEBUG_INFO = NO;
				SDKROOT = iphoneos;
				VALIDATE_PRODUCT = YES;
			};
			name = Release;
		};
		9127E24F1E89FC1B00706D23 /* Debug */ = {
			isa = XCBuildConfiguration;
			baseConfigurationReference = E45D223DB5AE50AED17DBEC7 /* Pods-W.debug.xcconfig */;
			buildSettings = {
				ASSETCATALOG_COMPILER_APPICON_NAME = AppIcon;
				ASSETCATALOG_COMPILER_LAUNCHIMAGE_NAME = LaunchImage;
				CODE_SIGN_ENTITLEMENTS = W/W.entitlements;
				DEVELOPMENT_TEAM = ZV87992WEQ;
				GCC_PRECOMPILE_PREFIX_HEADER = YES;
				GCC_PREFIX_HEADER = "$(PROJECT_DIR)/W/Tools/PrefixHeader.pch";
				INFOPLIST_FILE = W/Info.plist;
				LD_RUNPATH_SEARCH_PATHS = "$(inherited) @executable_path/Frameworks";
				PRODUCT_BUNDLE_IDENTIFIER = wang.erisw.WW;
				PRODUCT_NAME = "$(TARGET_NAME)";
			};
			name = Debug;
		};
		9127E2501E89FC1B00706D23 /* Release */ = {
			isa = XCBuildConfiguration;
			baseConfigurationReference = A15CFD733427EA5DD38171A4 /* Pods-W.release.xcconfig */;
			buildSettings = {
				ASSETCATALOG_COMPILER_APPICON_NAME = AppIcon;
				ASSETCATALOG_COMPILER_LAUNCHIMAGE_NAME = LaunchImage;
				CODE_SIGN_ENTITLEMENTS = W/W.entitlements;
				DEVELOPMENT_TEAM = ZV87992WEQ;
				GCC_PRECOMPILE_PREFIX_HEADER = YES;
				GCC_PREFIX_HEADER = "$(PROJECT_DIR)/W/Tools/PrefixHeader.pch";
				INFOPLIST_FILE = W/Info.plist;
				LD_RUNPATH_SEARCH_PATHS = "$(inherited) @executable_path/Frameworks";
				PRODUCT_BUNDLE_IDENTIFIER = wang.erisw.WW;
				PRODUCT_NAME = "$(TARGET_NAME)";
			};
			name = Release;
		};
/* End XCBuildConfiguration section */

/* Begin XCConfigurationList section */
		9127E2321E89FC1B00706D23 /* Build configuration list for PBXProject "W" */ = {
			isa = XCConfigurationList;
			buildConfigurations = (
				9127E24C1E89FC1B00706D23 /* Debug */,
				9127E24D1E89FC1B00706D23 /* Release */,
			);
			defaultConfigurationIsVisible = 0;
			defaultConfigurationName = Release;
		};
		9127E24E1E89FC1B00706D23 /* Build configuration list for PBXNativeTarget "W" */ = {
			isa = XCConfigurationList;
			buildConfigurations = (
				9127E24F1E89FC1B00706D23 /* Debug */,
				9127E2501E89FC1B00706D23 /* Release */,
			);
			defaultConfigurationIsVisible = 0;
			defaultConfigurationName = Release;
		};
/* End XCConfigurationList section */
	};
	rootObject = 9127E22F1E89FC1B00706D23 /* Project object */;
}
