// !$*UTF8*$!
{
	archiveVersion = 1;
	classes = {
	};
	objectVersion = 46;
	objects = {

/* Begin PBXBuildFile section */
		9127E28E1E8A41D400706D23 /* CoreLocation.framework in Frameworks */ = {isa = PBXBuildFile; fileRef = 9127E28D1E8A41D400706D23 /* CoreLocation.framework */; };
		9127E2901E8A41DC00706D23 /* MapKit.framework in Frameworks */ = {isa = PBXBuildFile; fileRef = 9127E28F1E8A41DC00706D23 /* MapKit.framework */; };
		9127E2921E8A41EC00706D23 /* HealthKit.framework in Frameworks */ = {isa = PBXBuildFile; fileRef = 9127E2911E8A41EC00706D23 /* HealthKit.framework */; };
		91A7048A1ED9682300EDB507 /* Launch Screen.storyboard in Resources */ = {isa = PBXBuildFile; fileRef = 91A704891ED9682300EDB507 /* Launch Screen.storyboard */; };
		91C123631ED966170087662C /* AppDelegate.m in Sources */ = {isa = PBXBuildFile; fileRef = 91C122DC1ED966170087662C /* AppDelegate.m */; };
		91C123641ED966170087662C /* main.m in Sources */ = {isa = PBXBuildFile; fileRef = 91C122DD1ED966170087662C /* main.m */; };
		91C123651ED966170087662C /* WNavigationController.m in Sources */ = {isa = PBXBuildFile; fileRef = 91C122DF1ED966170087662C /* WNavigationController.m */; };
		91C123661ED966170087662C /* WTabbarController.m in Sources */ = {isa = PBXBuildFile; fileRef = 91C122E11ED966170087662C /* WTabbarController.m */; };
		91C123671ED966170087662C /* NSDate+WExtension.m in Sources */ = {isa = PBXBuildFile; fileRef = 91C122E41ED966170087662C /* NSDate+WExtension.m */; };
		91C123681ED966170087662C /* UIColor+WExtension.m in Sources */ = {isa = PBXBuildFile; fileRef = 91C122E61ED966170087662C /* UIColor+WExtension.m */; };
		91C123691ED966170087662C /* WButton.m in Sources */ = {isa = PBXBuildFile; fileRef = 91C122E81ED966170087662C /* WButton.m */; };
		91C1236A1ED966170087662C /* WCustomSwitch.m in Sources */ = {isa = PBXBuildFile; fileRef = 91C122EA1ED966170087662C /* WCustomSwitch.m */; };
		91C1236B1ED966170087662C /* WPageControl.m in Sources */ = {isa = PBXBuildFile; fileRef = 91C122EC1ED966170087662C /* WPageControl.m */; };
		91C1236C1ED966170087662C /* Images.xcassets in Resources */ = {isa = PBXBuildFile; fileRef = 91C122ED1ED966170087662C /* Images.xcassets */; };
		91C1236D1ED966170087662C /* Info.plist in Resources */ = {isa = PBXBuildFile; fileRef = 91C122EE1ED966170087662C /* Info.plist */; };
		91C1236F1ED966170087662C /* WBaseChart.m in Sources */ = {isa = PBXBuildFile; fileRef = 91C122F31ED966170087662C /* WBaseChart.m */; };
		91C123701ED966170087662C /* WChartFactory.m in Sources */ = {isa = PBXBuildFile; fileRef = 91C122F51ED966170087662C /* WChartFactory.m */; };
		91C123711ED966170087662C /* WColumChart.m in Sources */ = {isa = PBXBuildFile; fileRef = 91C122F71ED966170087662C /* WColumChart.m */; };
		91C123721ED966170087662C /* WLineChart.m in Sources */ = {isa = PBXBuildFile; fileRef = 91C122F91ED966170087662C /* WLineChart.m */; };
		91C123731ED966170087662C /* FSCalendar+Deprecated.m in Sources */ = {isa = PBXBuildFile; fileRef = 91C122FB1ED966170087662C /* FSCalendar+Deprecated.m */; };
		91C123741ED966170087662C /* FSCalendar.m in Sources */ = {isa = PBXBuildFile; fileRef = 91C122FD1ED966170087662C /* FSCalendar.m */; };
		91C123751ED966170087662C /* FSCalendarAnimator.m in Sources */ = {isa = PBXBuildFile; fileRef = 91C122FF1ED966170087662C /* FSCalendarAnimator.m */; };
		91C123761ED966170087662C /* FSCalendarAppearance.m in Sources */ = {isa = PBXBuildFile; fileRef = 91C123011ED966170087662C /* FSCalendarAppearance.m */; };
		91C123771ED966170087662C /* FSCalendarCalculator.m in Sources */ = {isa = PBXBuildFile; fileRef = 91C123031ED966170087662C /* FSCalendarCalculator.m */; };
		91C123781ED966170087662C /* FSCalendarCell.m in Sources */ = {isa = PBXBuildFile; fileRef = 91C123051ED966170087662C /* FSCalendarCell.m */; };
		91C123791ED966170087662C /* FSCalendarCollectionView.m in Sources */ = {isa = PBXBuildFile; fileRef = 91C123071ED966170087662C /* FSCalendarCollectionView.m */; };
		91C1237A1ED966170087662C /* FSCalendarCollectionViewLayout.m in Sources */ = {isa = PBXBuildFile; fileRef = 91C123091ED966170087662C /* FSCalendarCollectionViewLayout.m */; };
		91C1237B1ED966170087662C /* FSCalendarConstants.m in Sources */ = {isa = PBXBuildFile; fileRef = 91C1230B1ED966170087662C /* FSCalendarConstants.m */; };
		91C1237C1ED966170087662C /* FSCalendarDelegateProxy.m in Sources */ = {isa = PBXBuildFile; fileRef = 91C1230D1ED966170087662C /* FSCalendarDelegateProxy.m */; };
		91C1237D1ED966170087662C /* FSCalendarExtensions.m in Sources */ = {isa = PBXBuildFile; fileRef = 91C123101ED966170087662C /* FSCalendarExtensions.m */; };
		91C1237E1ED966170087662C /* FSCalendarHeaderView.m in Sources */ = {isa = PBXBuildFile; fileRef = 91C123121ED966170087662C /* FSCalendarHeaderView.m */; };
		91C1237F1ED966170087662C /* FSCalendarScopeHandle.m in Sources */ = {isa = PBXBuildFile; fileRef = 91C123141ED966170087662C /* FSCalendarScopeHandle.m */; };
		91C123801ED966170087662C /* FSCalendarStickyHeader.m in Sources */ = {isa = PBXBuildFile; fileRef = 91C123161ED966170087662C /* FSCalendarStickyHeader.m */; };
		91C123811ED966170087662C /* FSCalendarWeekdayView.m in Sources */ = {isa = PBXBuildFile; fileRef = 91C123181ED966170087662C /* FSCalendarWeekdayView.m */; };
		91C123821ED966170087662C /* WTransitionAnimation.m in Sources */ = {isa = PBXBuildFile; fileRef = 91C1231C1ED966170087662C /* WTransitionAnimation.m */; };
		91C123831ED966170087662C /* WAllDataViewController.m in Sources */ = {isa = PBXBuildFile; fileRef = 91C123211ED966170087662C /* WAllDataViewController.m */; };
		91C123841ED966170087662C /* WAnalazyViewController.m in Sources */ = {isa = PBXBuildFile; fileRef = 91C123231ED966170087662C /* WAnalazyViewController.m */; };
		91C123851ED966170087662C /* WUserEditViewController.m in Sources */ = {isa = PBXBuildFile; fileRef = 91C123291ED966170087662C /* WUserEditViewController.m */; };
		91C123861ED966180087662C /* WUserViewController.m in Sources */ = {isa = PBXBuildFile; fileRef = 91C1232B1ED966170087662C /* WUserViewController.m */; };
		91C123871ED966180087662C /* WUserModel.m in Sources */ = {isa = PBXBuildFile; fileRef = 91C1232E1ED966170087662C /* WUserModel.m */; };
		91C123881ED966180087662C /* WUserHeadView.m in Sources */ = {isa = PBXBuildFile; fileRef = 91C123311ED966170087662C /* WUserHeadView.m */; };
		91C123891ED966180087662C /* WUserTableViewCell.m in Sources */ = {isa = PBXBuildFile; fileRef = 91C123331ED966170087662C /* WUserTableViewCell.m */; };
		91C1238A1ED966180087662C /* WUserTableViewCell.xib in Resources */ = {isa = PBXBuildFile; fileRef = 91C123341ED966170087662C /* WUserTableViewCell.xib */; };
		91C1238B1ED966180087662C /* WMenstruatlController.m in Sources */ = {isa = PBXBuildFile; fileRef = 91C123381ED966170087662C /* WMenstruatlController.m */; };
		91C1238C1ED966180087662C /* WMenstrualModel.m in Sources */ = {isa = PBXBuildFile; fileRef = 91C1233B1ED966170087662C /* WMenstrualModel.m */; };
		91C1238D1ED966180087662C /* WMenstrualPeriodAlgorithm.m in Sources */ = {isa = PBXBuildFile; fileRef = 91C1233D1ED966170087662C /* WMenstrualPeriodAlgorithm.m */; };
		91C1238E1ED966180087662C /* FlowAndPainTableViewCell.m in Sources */ = {isa = PBXBuildFile; fileRef = 91C123401ED966170087662C /* FlowAndPainTableViewCell.m */; };
		91C1238F1ED966180087662C /* FlowAndPainTableViewCell.xib in Resources */ = {isa = PBXBuildFile; fileRef = 91C123411ED966170087662C /* FlowAndPainTableViewCell.xib */; };
		91C123901ED966180087662C /* SetPeriodTableViewCell.m in Sources */ = {isa = PBXBuildFile; fileRef = 91C123431ED966170087662C /* SetPeriodTableViewCell.m */; };
		91C123911ED966180087662C /* SetPeriodTableViewCell.xib in Resources */ = {isa = PBXBuildFile; fileRef = 91C123441ED966170087662C /* SetPeriodTableViewCell.xib */; };
		91C123921ED966180087662C /* WFllowersHeaderView.m in Sources */ = {isa = PBXBuildFile; fileRef = 91C123461ED966170087662C /* WFllowersHeaderView.m */; };
		91C123931ED966180087662C /* WCalendarVC.m in Sources */ = {isa = PBXBuildFile; fileRef = 91C1234A1ED966170087662C /* WCalendarVC.m */; };
		91C123941ED966180087662C /* WCalendarViewController.m in Sources */ = {isa = PBXBuildFile; fileRef = 91C1234C1ED966170087662C /* WCalendarViewController.m */; };
		91C123951ED966180087662C /* WChildViewController.m in Sources */ = {isa = PBXBuildFile; fileRef = 91C1234E1ED966170087662C /* WChildViewController.m */; };
		91C123961ED966180087662C /* WDecideViewController.m in Sources */ = {isa = PBXBuildFile; fileRef = 91C123501ED966170087662C /* WDecideViewController.m */; };
		91C123971ED966180087662C /* WPickViewController.m in Sources */ = {isa = PBXBuildFile; fileRef = 91C123521ED966170087662C /* WPickViewController.m */; };
		91C123981ED966180087662C /* WRecordViewController.m in Sources */ = {isa = PBXBuildFile; fileRef = 91C123541ED966170087662C /* WRecordViewController.m */; };
		91C123991ED966180087662C /* WCalendarCollectionViewCell.m in Sources */ = {isa = PBXBuildFile; fileRef = 91C123581ED966170087662C /* WCalendarCollectionViewCell.m */; };
		91C1239A1ED966180087662C /* WCalendarView.m in Sources */ = {isa = PBXBuildFile; fileRef = 91C1235A1ED966170087662C /* WCalendarView.m */; };
		91C1239B1ED966180087662C /* WCustomCalendarCell.m in Sources */ = {isa = PBXBuildFile; fileRef = 91C1235C1ED966170087662C /* WCustomCalendarCell.m */; };
		91C1239C1ED966180087662C /* WRecordCategoryView.m in Sources */ = {isa = PBXBuildFile; fileRef = 91C1235E1ED966170087662C /* WRecordCategoryView.m */; };
		91C1239D1ED966180087662C /* WRecordCircleView.m in Sources */ = {isa = PBXBuildFile; fileRef = 91C123601ED966170087662C /* WRecordCircleView.m */; };
		91C1239E1ED966180087662C /* WHealthDataManager.m in Sources */ = {isa = PBXBuildFile; fileRef = 91C123621ED966170087662C /* WHealthDataManager.m */; };
		E5D4C3BEC5A3FBFB4B83BE50 /* libPods-W.a in Frameworks */ = {isa = PBXBuildFile; fileRef = F859A2507DCEBB891D21C142 /* libPods-W.a */; };
/* End PBXBuildFile section */

/* Begin PBXFileReference section */
		9127E2371E89FC1B00706D23 /* W.app */ = {isa = PBXFileReference; explicitFileType = wrapper.application; includeInIndex = 0; path = W.app; sourceTree = BUILT_PRODUCTS_DIR; };
		9127E28D1E8A41D400706D23 /* CoreLocation.framework */ = {isa = PBXFileReference; lastKnownFileType = wrapper.framework; name = CoreLocation.framework; path = System/Library/Frameworks/CoreLocation.framework; sourceTree = SDKROOT; };
		9127E28F1E8A41DC00706D23 /* MapKit.framework */ = {isa = PBXFileReference; lastKnownFileType = wrapper.framework; name = MapKit.framework; path = System/Library/Frameworks/MapKit.framework; sourceTree = SDKROOT; };
		9127E2911E8A41EC00706D23 /* HealthKit.framework */ = {isa = PBXFileReference; lastKnownFileType = wrapper.framework; name = HealthKit.framework; path = System/Library/Frameworks/HealthKit.framework; sourceTree = SDKROOT; };
		91A704891ED9682300EDB507 /* Launch Screen.storyboard */ = {isa = PBXFileReference; fileEncoding = 4; lastKnownFileType = file.storyboard; name = "Launch Screen.storyboard"; path = "Category/Launch Screen.storyboard"; sourceTree = "<group>"; };
		91C122DB1ED966170087662C /* AppDelegate.h */ = {isa = PBXFileReference; fileEncoding = 4; lastKnownFileType = sourcecode.c.h; path = AppDelegate.h; sourceTree = "<group>"; };
		91C122DC1ED966170087662C /* AppDelegate.m */ = {isa = PBXFileReference; fileEncoding = 4; lastKnownFileType = sourcecode.c.objc; path = AppDelegate.m; sourceTree = "<group>"; };
		91C122DD1ED966170087662C /* main.m */ = {isa = PBXFileReference; fileEncoding = 4; lastKnownFileType = sourcecode.c.objc; path = main.m; sourceTree = "<group>"; };
		91C122DE1ED966170087662C /* WNavigationController.h */ = {isa = PBXFileReference; fileEncoding = 4; lastKnownFileType = sourcecode.c.h; path = WNavigationController.h; sourceTree = "<group>"; };
		91C122DF1ED966170087662C /* WNavigationController.m */ = {isa = PBXFileReference; fileEncoding = 4; lastKnownFileType = sourcecode.c.objc; path = WNavigationController.m; sourceTree = "<group>"; };
		91C122E01ED966170087662C /* WTabbarController.h */ = {isa = PBXFileReference; fileEncoding = 4; lastKnownFileType = sourcecode.c.h; path = WTabbarController.h; sourceTree = "<group>"; };
		91C122E11ED966170087662C /* WTabbarController.m */ = {isa = PBXFileReference; fileEncoding = 4; lastKnownFileType = sourcecode.c.objc; path = WTabbarController.m; sourceTree = "<group>"; };
		91C122E31ED966170087662C /* NSDate+WExtension.h */ = {isa = PBXFileReference; fileEncoding = 4; lastKnownFileType = sourcecode.c.h; path = "NSDate+WExtension.h"; sourceTree = "<group>"; };
		91C122E41ED966170087662C /* NSDate+WExtension.m */ = {isa = PBXFileReference; fileEncoding = 4; lastKnownFileType = sourcecode.c.objc; path = "NSDate+WExtension.m"; sourceTree = "<group>"; };
		91C122E51ED966170087662C /* UIColor+WExtension.h */ = {isa = PBXFileReference; fileEncoding = 4; lastKnownFileType = sourcecode.c.h; path = "UIColor+WExtension.h"; sourceTree = "<group>"; };
		91C122E61ED966170087662C /* UIColor+WExtension.m */ = {isa = PBXFileReference; fileEncoding = 4; lastKnownFileType = sourcecode.c.objc; path = "UIColor+WExtension.m"; sourceTree = "<group>"; };
		91C122E71ED966170087662C /* WButton.h */ = {isa = PBXFileReference; fileEncoding = 4; lastKnownFileType = sourcecode.c.h; path = WButton.h; sourceTree = "<group>"; };
		91C122E81ED966170087662C /* WButton.m */ = {isa = PBXFileReference; fileEncoding = 4; lastKnownFileType = sourcecode.c.objc; path = WButton.m; sourceTree = "<group>"; };
		91C122E91ED966170087662C /* WCustomSwitch.h */ = {isa = PBXFileReference; fileEncoding = 4; lastKnownFileType = sourcecode.c.h; path = WCustomSwitch.h; sourceTree = "<group>"; };
		91C122EA1ED966170087662C /* WCustomSwitch.m */ = {isa = PBXFileReference; fileEncoding = 4; lastKnownFileType = sourcecode.c.objc; path = WCustomSwitch.m; sourceTree = "<group>"; };
		91C122EB1ED966170087662C /* WPageControl.h */ = {isa = PBXFileReference; fileEncoding = 4; lastKnownFileType = sourcecode.c.h; path = WPageControl.h; sourceTree = "<group>"; };
		91C122EC1ED966170087662C /* WPageControl.m */ = {isa = PBXFileReference; fileEncoding = 4; lastKnownFileType = sourcecode.c.objc; path = WPageControl.m; sourceTree = "<group>"; };
		91C122ED1ED966170087662C /* Images.xcassets */ = {isa = PBXFileReference; lastKnownFileType = folder.assetcatalog; path = Images.xcassets; sourceTree = "<group>"; };
		91C122EE1ED966170087662C /* Info.plist */ = {isa = PBXFileReference; fileEncoding = 4; lastKnownFileType = text.plist.xml; path = Info.plist; sourceTree = "<group>"; };
		91C122F21ED966170087662C /* WBaseChart.h */ = {isa = PBXFileReference; fileEncoding = 4; lastKnownFileType = sourcecode.c.h; path = WBaseChart.h; sourceTree = "<group>"; };
		91C122F31ED966170087662C /* WBaseChart.m */ = {isa = PBXFileReference; fileEncoding = 4; lastKnownFileType = sourcecode.c.objc; path = WBaseChart.m; sourceTree = "<group>"; };
		91C122F41ED966170087662C /* WChartFactory.h */ = {isa = PBXFileReference; fileEncoding = 4; lastKnownFileType = sourcecode.c.h; path = WChartFactory.h; sourceTree = "<group>"; };
		91C122F51ED966170087662C /* WChartFactory.m */ = {isa = PBXFileReference; fileEncoding = 4; lastKnownFileType = sourcecode.c.objc; path = WChartFactory.m; sourceTree = "<group>"; };
		91C122F61ED966170087662C /* WColumChart.h */ = {isa = PBXFileReference; fileEncoding = 4; lastKnownFileType = sourcecode.c.h; path = WColumChart.h; sourceTree = "<group>"; };
		91C122F71ED966170087662C /* WColumChart.m */ = {isa = PBXFileReference; fileEncoding = 4; lastKnownFileType = sourcecode.c.objc; path = WColumChart.m; sourceTree = "<group>"; };
		91C122F81ED966170087662C /* WLineChart.h */ = {isa = PBXFileReference; fileEncoding = 4; lastKnownFileType = sourcecode.c.h; path = WLineChart.h; sourceTree = "<group>"; };
		91C122F91ED966170087662C /* WLineChart.m */ = {isa = PBXFileReference; fileEncoding = 4; lastKnownFileType = sourcecode.c.objc; path = WLineChart.m; sourceTree = "<group>"; };
		91C122FB1ED966170087662C /* FSCalendar+Deprecated.m */ = {isa = PBXFileReference; fileEncoding = 4; lastKnownFileType = sourcecode.c.objc; path = "FSCalendar+Deprecated.m"; sourceTree = "<group>"; };
		91C122FC1ED966170087662C /* FSCalendar.h */ = {isa = PBXFileReference; fileEncoding = 4; lastKnownFileType = sourcecode.c.h; path = FSCalendar.h; sourceTree = "<group>"; };
		91C122FD1ED966170087662C /* FSCalendar.m */ = {isa = PBXFileReference; fileEncoding = 4; lastKnownFileType = sourcecode.c.objc; path = FSCalendar.m; sourceTree = "<group>"; };
		91C122FE1ED966170087662C /* FSCalendarAnimator.h */ = {isa = PBXFileReference; fileEncoding = 4; lastKnownFileType = sourcecode.c.h; path = FSCalendarAnimator.h; sourceTree = "<group>"; };
		91C122FF1ED966170087662C /* FSCalendarAnimator.m */ = {isa = PBXFileReference; fileEncoding = 4; lastKnownFileType = sourcecode.c.objc; path = FSCalendarAnimator.m; sourceTree = "<group>"; };
		91C123001ED966170087662C /* FSCalendarAppearance.h */ = {isa = PBXFileReference; fileEncoding = 4; lastKnownFileType = sourcecode.c.h; path = FSCalendarAppearance.h; sourceTree = "<group>"; };
		91C123011ED966170087662C /* FSCalendarAppearance.m */ = {isa = PBXFileReference; fileEncoding = 4; lastKnownFileType = sourcecode.c.objc; path = FSCalendarAppearance.m; sourceTree = "<group>"; };
		91C123021ED966170087662C /* FSCalendarCalculator.h */ = {isa = PBXFileReference; fileEncoding = 4; lastKnownFileType = sourcecode.c.h; path = FSCalendarCalculator.h; sourceTree = "<group>"; };
		91C123031ED966170087662C /* FSCalendarCalculator.m */ = {isa = PBXFileReference; fileEncoding = 4; lastKnownFileType = sourcecode.c.objc; path = FSCalendarCalculator.m; sourceTree = "<group>"; };
		91C123041ED966170087662C /* FSCalendarCell.h */ = {isa = PBXFileReference; fileEncoding = 4; lastKnownFileType = sourcecode.c.h; path = FSCalendarCell.h; sourceTree = "<group>"; };
		91C123051ED966170087662C /* FSCalendarCell.m */ = {isa = PBXFileReference; fileEncoding = 4; lastKnownFileType = sourcecode.c.objc; path = FSCalendarCell.m; sourceTree = "<group>"; };
		91C123061ED966170087662C /* FSCalendarCollectionView.h */ = {isa = PBXFileReference; fileEncoding = 4; lastKnownFileType = sourcecode.c.h; path = FSCalendarCollectionView.h; sourceTree = "<group>"; };
		91C123071ED966170087662C /* FSCalendarCollectionView.m */ = {isa = PBXFileReference; fileEncoding = 4; lastKnownFileType = sourcecode.c.objc; path = FSCalendarCollectionView.m; sourceTree = "<group>"; };
		91C123081ED966170087662C /* FSCalendarCollectionViewLayout.h */ = {isa = PBXFileReference; fileEncoding = 4; lastKnownFileType = sourcecode.c.h; path = FSCalendarCollectionViewLayout.h; sourceTree = "<group>"; };
		91C123091ED966170087662C /* FSCalendarCollectionViewLayout.m */ = {isa = PBXFileReference; fileEncoding = 4; lastKnownFileType = sourcecode.c.objc; path = FSCalendarCollectionViewLayout.m; sourceTree = "<group>"; };
		91C1230A1ED966170087662C /* FSCalendarConstants.h */ = {isa = PBXFileReference; fileEncoding = 4; lastKnownFileType = sourcecode.c.h; path = FSCalendarConstants.h; sourceTree = "<group>"; };
		91C1230B1ED966170087662C /* FSCalendarConstants.m */ = {isa = PBXFileReference; fileEncoding = 4; lastKnownFileType = sourcecode.c.objc; path = FSCalendarConstants.m; sourceTree = "<group>"; };
		91C1230C1ED966170087662C /* FSCalendarDelegateProxy.h */ = {isa = PBXFileReference; fileEncoding = 4; lastKnownFileType = sourcecode.c.h; path = FSCalendarDelegateProxy.h; sourceTree = "<group>"; };
		91C1230D1ED966170087662C /* FSCalendarDelegateProxy.m */ = {isa = PBXFileReference; fileEncoding = 4; lastKnownFileType = sourcecode.c.objc; path = FSCalendarDelegateProxy.m; sourceTree = "<group>"; };
		91C1230E1ED966170087662C /* FSCalendarDynamicHeader.h */ = {isa = PBXFileReference; fileEncoding = 4; lastKnownFileType = sourcecode.c.h; path = FSCalendarDynamicHeader.h; sourceTree = "<group>"; };
		91C1230F1ED966170087662C /* FSCalendarExtensions.h */ = {isa = PBXFileReference; fileEncoding = 4; lastKnownFileType = sourcecode.c.h; path = FSCalendarExtensions.h; sourceTree = "<group>"; };
		91C123101ED966170087662C /* FSCalendarExtensions.m */ = {isa = PBXFileReference; fileEncoding = 4; lastKnownFileType = sourcecode.c.objc; path = FSCalendarExtensions.m; sourceTree = "<group>"; };
		91C123111ED966170087662C /* FSCalendarHeaderView.h */ = {isa = PBXFileReference; fileEncoding = 4; lastKnownFileType = sourcecode.c.h; path = FSCalendarHeaderView.h; sourceTree = "<group>"; };
		91C123121ED966170087662C /* FSCalendarHeaderView.m */ = {isa = PBXFileReference; fileEncoding = 4; lastKnownFileType = sourcecode.c.objc; path = FSCalendarHeaderView.m; sourceTree = "<group>"; };
		91C123131ED966170087662C /* FSCalendarScopeHandle.h */ = {isa = PBXFileReference; fileEncoding = 4; lastKnownFileType = sourcecode.c.h; path = FSCalendarScopeHandle.h; sourceTree = "<group>"; };
		91C123141ED966170087662C /* FSCalendarScopeHandle.m */ = {isa = PBXFileReference; fileEncoding = 4; lastKnownFileType = sourcecode.c.objc; path = FSCalendarScopeHandle.m; sourceTree = "<group>"; };
		91C123151ED966170087662C /* FSCalendarStickyHeader.h */ = {isa = PBXFileReference; fileEncoding = 4; lastKnownFileType = sourcecode.c.h; path = FSCalendarStickyHeader.h; sourceTree = "<group>"; };
		91C123161ED966170087662C /* FSCalendarStickyHeader.m */ = {isa = PBXFileReference; fileEncoding = 4; lastKnownFileType = sourcecode.c.objc; path = FSCalendarStickyHeader.m; sourceTree = "<group>"; };
		91C123171ED966170087662C /* FSCalendarWeekdayView.h */ = {isa = PBXFileReference; fileEncoding = 4; lastKnownFileType = sourcecode.c.h; path = FSCalendarWeekdayView.h; sourceTree = "<group>"; };
		91C123181ED966170087662C /* FSCalendarWeekdayView.m */ = {isa = PBXFileReference; fileEncoding = 4; lastKnownFileType = sourcecode.c.objc; path = FSCalendarWeekdayView.m; sourceTree = "<group>"; };
		91C123191ED966170087662C /* Macros.h */ = {isa = PBXFileReference; fileEncoding = 4; lastKnownFileType = sourcecode.c.h; path = Macros.h; sourceTree = "<group>"; };
		91C1231A1ED966170087662C /* PrefixHeader.pch */ = {isa = PBXFileReference; fileEncoding = 4; lastKnownFileType = sourcecode.c.h; path = PrefixHeader.pch; sourceTree = "<group>"; };
		91C1231B1ED966170087662C /* WTransitionAnimation.h */ = {isa = PBXFileReference; fileEncoding = 4; lastKnownFileType = sourcecode.c.h; path = WTransitionAnimation.h; sourceTree = "<group>"; };
		91C1231C1ED966170087662C /* WTransitionAnimation.m */ = {isa = PBXFileReference; fileEncoding = 4; lastKnownFileType = sourcecode.c.objc; path = WTransitionAnimation.m; sourceTree = "<group>"; };
		91C1231D1ED966170087662C /* W.entitlements */ = {isa = PBXFileReference; fileEncoding = 4; lastKnownFileType = text.plist.entitlements; path = W.entitlements; sourceTree = "<group>"; };
		91C123201ED966170087662C /* WAllDataViewController.h */ = {isa = PBXFileReference; fileEncoding = 4; lastKnownFileType = sourcecode.c.h; path = WAllDataViewController.h; sourceTree = "<group>"; };
		91C123211ED966170087662C /* WAllDataViewController.m */ = {isa = PBXFileReference; fileEncoding = 4; lastKnownFileType = sourcecode.c.objc; path = WAllDataViewController.m; sourceTree = "<group>"; };
		91C123221ED966170087662C /* WAnalazyViewController.h */ = {isa = PBXFileReference; fileEncoding = 4; lastKnownFileType = sourcecode.c.h; path = WAnalazyViewController.h; sourceTree = "<group>"; };
		91C123231ED966170087662C /* WAnalazyViewController.m */ = {isa = PBXFileReference; fileEncoding = 4; lastKnownFileType = sourcecode.c.objc; path = WAnalazyViewController.m; sourceTree = "<group>"; };
		91C123281ED966170087662C /* WUserEditViewController.h */ = {isa = PBXFileReference; fileEncoding = 4; lastKnownFileType = sourcecode.c.h; path = WUserEditViewController.h; sourceTree = "<group>"; };
		91C123291ED966170087662C /* WUserEditViewController.m */ = {isa = PBXFileReference; fileEncoding = 4; lastKnownFileType = sourcecode.c.objc; path = WUserEditViewController.m; sourceTree = "<group>"; };
		91C1232A1ED966170087662C /* WUserViewController.h */ = {isa = PBXFileReference; fileEncoding = 4; lastKnownFileType = sourcecode.c.h; path = WUserViewController.h; sourceTree = "<group>"; };
		91C1232B1ED966170087662C /* WUserViewController.m */ = {isa = PBXFileReference; fileEncoding = 4; lastKnownFileType = sourcecode.c.objc; path = WUserViewController.m; sourceTree = "<group>"; };
		91C1232D1ED966170087662C /* WUserModel.h */ = {isa = PBXFileReference; fileEncoding = 4; lastKnownFileType = sourcecode.c.h; path = WUserModel.h; sourceTree = "<group>"; };
		91C1232E1ED966170087662C /* WUserModel.m */ = {isa = PBXFileReference; fileEncoding = 4; lastKnownFileType = sourcecode.c.objc; path = WUserModel.m; sourceTree = "<group>"; };
		91C123301ED966170087662C /* WUserHeadView.h */ = {isa = PBXFileReference; fileEncoding = 4; lastKnownFileType = sourcecode.c.h; path = WUserHeadView.h; sourceTree = "<group>"; };
		91C123311ED966170087662C /* WUserHeadView.m */ = {isa = PBXFileReference; fileEncoding = 4; lastKnownFileType = sourcecode.c.objc; path = WUserHeadView.m; sourceTree = "<group>"; };
		91C123321ED966170087662C /* WUserTableViewCell.h */ = {isa = PBXFileReference; fileEncoding = 4; lastKnownFileType = sourcecode.c.h; path = WUserTableViewCell.h; sourceTree = "<group>"; };
		91C123331ED966170087662C /* WUserTableViewCell.m */ = {isa = PBXFileReference; fileEncoding = 4; lastKnownFileType = sourcecode.c.objc; path = WUserTableViewCell.m; sourceTree = "<group>"; };
		91C123341ED966170087662C /* WUserTableViewCell.xib */ = {isa = PBXFileReference; fileEncoding = 4; lastKnownFileType = file.xib; path = WUserTableViewCell.xib; sourceTree = "<group>"; };
		91C123371ED966170087662C /* WMenstruatlController.h */ = {isa = PBXFileReference; fileEncoding = 4; lastKnownFileType = sourcecode.c.h; path = WMenstruatlController.h; sourceTree = "<group>"; };
		91C123381ED966170087662C /* WMenstruatlController.m */ = {isa = PBXFileReference; fileEncoding = 4; lastKnownFileType = sourcecode.c.objc; path = WMenstruatlController.m; sourceTree = "<group>"; };
		91C1233A1ED966170087662C /* WMenstrualModel.h */ = {isa = PBXFileReference; fileEncoding = 4; lastKnownFileType = sourcecode.c.h; path = WMenstrualModel.h; sourceTree = "<group>"; };
		91C1233B1ED966170087662C /* WMenstrualModel.m */ = {isa = PBXFileReference; fileEncoding = 4; lastKnownFileType = sourcecode.c.objc; path = WMenstrualModel.m; sourceTree = "<group>"; };
		91C1233C1ED966170087662C /* WMenstrualPeriodAlgorithm.h */ = {isa = PBXFileReference; fileEncoding = 4; lastKnownFileType = sourcecode.c.h; path = WMenstrualPeriodAlgorithm.h; sourceTree = "<group>"; };
		91C1233D1ED966170087662C /* WMenstrualPeriodAlgorithm.m */ = {isa = PBXFileReference; fileEncoding = 4; lastKnownFileType = sourcecode.c.objc; path = WMenstrualPeriodAlgorithm.m; sourceTree = "<group>"; };
		91C1233F1ED966170087662C /* FlowAndPainTableViewCell.h */ = {isa = PBXFileReference; fileEncoding = 4; lastKnownFileType = sourcecode.c.h; path = FlowAndPainTableViewCell.h; sourceTree = "<group>"; };
		91C123401ED966170087662C /* FlowAndPainTableViewCell.m */ = {isa = PBXFileReference; fileEncoding = 4; lastKnownFileType = sourcecode.c.objc; path = FlowAndPainTableViewCell.m; sourceTree = "<group>"; };
		91C123411ED966170087662C /* FlowAndPainTableViewCell.xib */ = {isa = PBXFileReference; fileEncoding = 4; lastKnownFileType = file.xib; path = FlowAndPainTableViewCell.xib; sourceTree = "<group>"; };
		91C123421ED966170087662C /* SetPeriodTableViewCell.h */ = {isa = PBXFileReference; fileEncoding = 4; lastKnownFileType = sourcecode.c.h; path = SetPeriodTableViewCell.h; sourceTree = "<group>"; };
		91C123431ED966170087662C /* SetPeriodTableViewCell.m */ = {isa = PBXFileReference; fileEncoding = 4; lastKnownFileType = sourcecode.c.objc; path = SetPeriodTableViewCell.m; sourceTree = "<group>"; };
		91C123441ED966170087662C /* SetPeriodTableViewCell.xib */ = {isa = PBXFileReference; fileEncoding = 4; lastKnownFileType = file.xib; path = SetPeriodTableViewCell.xib; sourceTree = "<group>"; };
		91C123451ED966170087662C /* WFllowersHeaderView.h */ = {isa = PBXFileReference; fileEncoding = 4; lastKnownFileType = sourcecode.c.h; path = WFllowersHeaderView.h; sourceTree = "<group>"; };
		91C123461ED966170087662C /* WFllowersHeaderView.m */ = {isa = PBXFileReference; fileEncoding = 4; lastKnownFileType = sourcecode.c.objc; path = WFllowersHeaderView.m; sourceTree = "<group>"; };
		91C123491ED966170087662C /* WCalendarVC.h */ = {isa = PBXFileReference; fileEncoding = 4; lastKnownFileType = sourcecode.c.h; path = WCalendarVC.h; sourceTree = "<group>"; };
		91C1234A1ED966170087662C /* WCalendarVC.m */ = {isa = PBXFileReference; fileEncoding = 4; lastKnownFileType = sourcecode.c.objc; path = WCalendarVC.m; sourceTree = "<group>"; };
		91C1234B1ED966170087662C /* WCalendarViewController.h */ = {isa = PBXFileReference; fileEncoding = 4; lastKnownFileType = sourcecode.c.h; path = WCalendarViewController.h; sourceTree = "<group>"; };
		91C1234C1ED966170087662C /* WCalendarViewController.m */ = {isa = PBXFileReference; fileEncoding = 4; lastKnownFileType = sourcecode.c.objc; path = WCalendarViewController.m; sourceTree = "<group>"; };
		91C1234D1ED966170087662C /* WChildViewController.h */ = {isa = PBXFileReference; fileEncoding = 4; lastKnownFileType = sourcecode.c.h; path = WChildViewController.h; sourceTree = "<group>"; };
		91C1234E1ED966170087662C /* WChildViewController.m */ = {isa = PBXFileReference; fileEncoding = 4; lastKnownFileType = sourcecode.c.objc; path = WChildViewController.m; sourceTree = "<group>"; };
		91C1234F1ED966170087662C /* WDecideViewController.h */ = {isa = PBXFileReference; fileEncoding = 4; lastKnownFileType = sourcecode.c.h; path = WDecideViewController.h; sourceTree = "<group>"; };
		91C123501ED966170087662C /* WDecideViewController.m */ = {isa = PBXFileReference; fileEncoding = 4; lastKnownFileType = sourcecode.c.objc; path = WDecideViewController.m; sourceTree = "<group>"; };
		91C123511ED966170087662C /* WPickViewController.h */ = {isa = PBXFileReference; fileEncoding = 4; lastKnownFileType = sourcecode.c.h; path = WPickViewController.h; sourceTree = "<group>"; };
		91C123521ED966170087662C /* WPickViewController.m */ = {isa = PBXFileReference; fileEncoding = 4; lastKnownFileType = sourcecode.c.objc; path = WPickViewController.m; sourceTree = "<group>"; };
		91C123531ED966170087662C /* WRecordViewController.h */ = {isa = PBXFileReference; fileEncoding = 4; lastKnownFileType = sourcecode.c.h; path = WRecordViewController.h; sourceTree = "<group>"; };
		91C123541ED966170087662C /* WRecordViewController.m */ = {isa = PBXFileReference; fileEncoding = 4; lastKnownFileType = sourcecode.c.objc; path = WRecordViewController.m; sourceTree = "<group>"; };
		91C123571ED966170087662C /* WCalendarCollectionViewCell.h */ = {isa = PBXFileReference; fileEncoding = 4; lastKnownFileType = sourcecode.c.h; path = WCalendarCollectionViewCell.h; sourceTree = "<group>"; };
		91C123581ED966170087662C /* WCalendarCollectionViewCell.m */ = {isa = PBXFileReference; fileEncoding = 4; lastKnownFileType = sourcecode.c.objc; path = WCalendarCollectionViewCell.m; sourceTree = "<group>"; };
		91C123591ED966170087662C /* WCalendarView.h */ = {isa = PBXFileReference; fileEncoding = 4; lastKnownFileType = sourcecode.c.h; path = WCalendarView.h; sourceTree = "<group>"; };
		91C1235A1ED966170087662C /* WCalendarView.m */ = {isa = PBXFileReference; fileEncoding = 4; lastKnownFileType = sourcecode.c.objc; path = WCalendarView.m; sourceTree = "<group>"; };
		91C1235B1ED966170087662C /* WCustomCalendarCell.h */ = {isa = PBXFileReference; fileEncoding = 4; lastKnownFileType = sourcecode.c.h; path = WCustomCalendarCell.h; sourceTree = "<group>"; };
		91C1235C1ED966170087662C /* WCustomCalendarCell.m */ = {isa = PBXFileReference; fileEncoding = 4; lastKnownFileType = sourcecode.c.objc; path = WCustomCalendarCell.m; sourceTree = "<group>"; };
		91C1235D1ED966170087662C /* WRecordCategoryView.h */ = {isa = PBXFileReference; fileEncoding = 4; lastKnownFileType = sourcecode.c.h; path = WRecordCategoryView.h; sourceTree = "<group>"; };
		91C1235E1ED966170087662C /* WRecordCategoryView.m */ = {isa = PBXFileReference; fileEncoding = 4; lastKnownFileType = sourcecode.c.objc; path = WRecordCategoryView.m; sourceTree = "<group>"; };
		91C1235F1ED966170087662C /* WRecordCircleView.h */ = {isa = PBXFileReference; fileEncoding = 4; lastKnownFileType = sourcecode.c.h; path = WRecordCircleView.h; sourceTree = "<group>"; };
		91C123601ED966170087662C /* WRecordCircleView.m */ = {isa = PBXFileReference; fileEncoding = 4; lastKnownFileType = sourcecode.c.objc; path = WRecordCircleView.m; sourceTree = "<group>"; };
		91C123611ED966170087662C /* WHealthDataManager.h */ = {isa = PBXFileReference; fileEncoding = 4; lastKnownFileType = sourcecode.c.h; path = WHealthDataManager.h; sourceTree = "<group>"; };
		91C123621ED966170087662C /* WHealthDataManager.m */ = {isa = PBXFileReference; fileEncoding = 4; lastKnownFileType = sourcecode.c.objc; path = WHealthDataManager.m; sourceTree = "<group>"; };
		A15CFD733427EA5DD38171A4 /* Pods-W.release.xcconfig */ = {isa = PBXFileReference; includeInIndex = 1; lastKnownFileType = text.xcconfig; name = "Pods-W.release.xcconfig"; path = "Pods/Target Support Files/Pods-W/Pods-W.release.xcconfig"; sourceTree = "<group>"; };
		E45D223DB5AE50AED17DBEC7 /* Pods-W.debug.xcconfig */ = {isa = PBXFileReference; includeInIndex = 1; lastKnownFileType = text.xcconfig; name = "Pods-W.debug.xcconfig"; path = "Pods/Target Support Files/Pods-W/Pods-W.debug.xcconfig"; sourceTree = "<group>"; };
		F859A2507DCEBB891D21C142 /* libPods-W.a */ = {isa = PBXFileReference; explicitFileType = archive.ar; includeInIndex = 0; path = "libPods-W.a"; sourceTree = BUILT_PRODUCTS_DIR; };
/* End PBXFileReference section */

/* Begin PBXFrameworksBuildPhase section */
		9127E2341E89FC1B00706D23 /* Frameworks */ = {
			isa = PBXFrameworksBuildPhase;
			buildActionMask = 2147483647;
			files = (
				9127E2921E8A41EC00706D23 /* HealthKit.framework in Frameworks */,
				9127E2901E8A41DC00706D23 /* MapKit.framework in Frameworks */,
				9127E28E1E8A41D400706D23 /* CoreLocation.framework in Frameworks */,
				E5D4C3BEC5A3FBFB4B83BE50 /* libPods-W.a in Frameworks */,
			);
			runOnlyForDeploymentPostprocessing = 0;
		};
/* End PBXFrameworksBuildPhase section */

/* Begin PBXGroup section */
		492A049388AA0C08720622E4 /* Pods */ = {
			isa = PBXGroup;
			children = (
				E45D223DB5AE50AED17DBEC7 /* Pods-W.debug.xcconfig */,
				A15CFD733427EA5DD38171A4 /* Pods-W.release.xcconfig */,
			);
			name = Pods;
			sourceTree = "<group>";
		};
		9127E22E1E89FC1B00706D23 = {
			isa = PBXGroup;
			children = (
				91C122D91ED966170087662C /* W */,
				9127E2381E89FC1B00706D23 /* Products */,
				492A049388AA0C08720622E4 /* Pods */,
				E0F506E1ED9A316BC3592A9D /* Frameworks */,
			);
			sourceTree = "<group>";
		};
		9127E2381E89FC1B00706D23 /* Products */ = {
			isa = PBXGroup;
			children = (
				9127E2371E89FC1B00706D23 /* W.app */,
			);
			name = Products;
			sourceTree = "<group>";
		};
		91C122D91ED966170087662C /* W */ = {
			isa = PBXGroup;
			children = (
				91C122DA1ED966170087662C /* Base */,
				91C122E21ED966170087662C /* Category */,
				91C122ED1ED966170087662C /* Images.xcassets */,
				91A704891ED9682300EDB507 /* Launch Screen.storyboard */,
				91C122EE1ED966170087662C /* Info.plist */,
				91C122F01ED966170087662C /* Tools */,
				91C1231D1ED966170087662C /* W.entitlements */,
				91C1231E1ED966170087662C /* WAnalyse */,
				91C123261ED966170087662C /* WMe */,
				91C123351ED966170087662C /* WMenstrual */,
				91C123471ED966170087662C /* WRecord */,
			);
			path = W;
			sourceTree = "<group>";
		};
		91C122DA1ED966170087662C /* Base */ = {
			isa = PBXGroup;
			children = (
				91C122DB1ED966170087662C /* AppDelegate.h */,
				91C122DC1ED966170087662C /* AppDelegate.m */,
				91C122DD1ED966170087662C /* main.m */,
				91C122DE1ED966170087662C /* WNavigationController.h */,
				91C122DF1ED966170087662C /* WNavigationController.m */,
				91C122E01ED966170087662C /* WTabbarController.h */,
				91C122E11ED966170087662C /* WTabbarController.m */,
			);
			path = Base;
			sourceTree = "<group>";
		};
		91C122E21ED966170087662C /* Category */ = {
			isa = PBXGroup;
			children = (
				91C122E31ED966170087662C /* NSDate+WExtension.h */,
				91C122E41ED966170087662C /* NSDate+WExtension.m */,
				91C122E51ED966170087662C /* UIColor+WExtension.h */,
				91C122E61ED966170087662C /* UIColor+WExtension.m */,
				91C122E71ED966170087662C /* WButton.h */,
				91C122E81ED966170087662C /* WButton.m */,
				91C122E91ED966170087662C /* WCustomSwitch.h */,
				91C122EA1ED966170087662C /* WCustomSwitch.m */,
				91C122EB1ED966170087662C /* WPageControl.h */,
				91C122EC1ED966170087662C /* WPageControl.m */,
			);
			path = Category;
			sourceTree = "<group>";
		};
		91C122F01ED966170087662C /* Tools */ = {
			isa = PBXGroup;
			children = (
				91C122F11ED966170087662C /* Charts */,
				91C122FA1ED966170087662C /* FSCalendar */,
				91C123191ED966170087662C /* Macros.h */,
				91C1231A1ED966170087662C /* PrefixHeader.pch */,
				91C1231B1ED966170087662C /* WTransitionAnimation.h */,
				91C1231C1ED966170087662C /* WTransitionAnimation.m */,
			);
			path = Tools;
			sourceTree = "<group>";
		};
		91C122F11ED966170087662C /* Charts */ = {
			isa = PBXGroup;
			children = (
				91C122F21ED966170087662C /* WBaseChart.h */,
				91C122F31ED966170087662C /* WBaseChart.m */,
				91C122F41ED966170087662C /* WChartFactory.h */,
				91C122F51ED966170087662C /* WChartFactory.m */,
				91C122F61ED966170087662C /* WColumChart.h */,
				91C122F71ED966170087662C /* WColumChart.m */,
				91C122F81ED966170087662C /* WLineChart.h */,
				91C122F91ED966170087662C /* WLineChart.m */,
			);
			path = Charts;
			sourceTree = "<group>";
		};
		91C122FA1ED966170087662C /* FSCalendar */ = {
			isa = PBXGroup;
			children = (
				91C122FB1ED966170087662C /* FSCalendar+Deprecated.m */,
				91C122FC1ED966170087662C /* FSCalendar.h */,
				91C122FD1ED966170087662C /* FSCalendar.m */,
				91C122FE1ED966170087662C /* FSCalendarAnimator.h */,
				91C122FF1ED966170087662C /* FSCalendarAnimator.m */,
				91C123001ED966170087662C /* FSCalendarAppearance.h */,
				91C123011ED966170087662C /* FSCalendarAppearance.m */,
				91C123021ED966170087662C /* FSCalendarCalculator.h */,
				91C123031ED966170087662C /* FSCalendarCalculator.m */,
				91C123041ED966170087662C /* FSCalendarCell.h */,
				91C123051ED966170087662C /* FSCalendarCell.m */,
				91C123061ED966170087662C /* FSCalendarCollectionView.h */,
				91C123071ED966170087662C /* FSCalendarCollectionView.m */,
				91C123081ED966170087662C /* FSCalendarCollectionViewLayout.h */,
				91C123091ED966170087662C /* FSCalendarCollectionViewLayout.m */,
				91C1230A1ED966170087662C /* FSCalendarConstants.h */,
				91C1230B1ED966170087662C /* FSCalendarConstants.m */,
				91C1230C1ED966170087662C /* FSCalendarDelegateProxy.h */,
				91C1230D1ED966170087662C /* FSCalendarDelegateProxy.m */,
				91C1230E1ED966170087662C /* FSCalendarDynamicHeader.h */,
				91C1230F1ED966170087662C /* FSCalendarExtensions.h */,
				91C123101ED966170087662C /* FSCalendarExtensions.m */,
				91C123111ED966170087662C /* FSCalendarHeaderView.h */,
				91C123121ED966170087662C /* FSCalendarHeaderView.m */,
				91C123131ED966170087662C /* FSCalendarScopeHandle.h */,
				91C123141ED966170087662C /* FSCalendarScopeHandle.m */,
				91C123151ED966170087662C /* FSCalendarStickyHeader.h */,
				91C123161ED966170087662C /* FSCalendarStickyHeader.m */,
				91C123171ED966170087662C /* FSCalendarWeekdayView.h */,
				91C123181ED966170087662C /* FSCalendarWeekdayView.m */,
			);
			path = FSCalendar;
			sourceTree = "<group>";
		};
		91C1231E1ED966170087662C /* WAnalyse */ = {
			isa = PBXGroup;
			children = (
				91C1231F1ED966170087662C /* Controller */,
				91C123241ED966170087662C /* Model */,
				91C123251ED966170087662C /* View */,
			);
			path = WAnalyse;
			sourceTree = "<group>";
		};
		91C1231F1ED966170087662C /* Controller */ = {
			isa = PBXGroup;
			children = (
				91C123201ED966170087662C /* WAllDataViewController.h */,
				91C123211ED966170087662C /* WAllDataViewController.m */,
				91C123221ED966170087662C /* WAnalazyViewController.h */,
				91C123231ED966170087662C /* WAnalazyViewController.m */,
			);
			path = Controller;
			sourceTree = "<group>";
		};
		91C123241ED966170087662C /* Model */ = {
			isa = PBXGroup;
			children = (
			);
			path = Model;
			sourceTree = "<group>";
		};
		91C123251ED966170087662C /* View */ = {
			isa = PBXGroup;
			children = (
			);
			path = View;
			sourceTree = "<group>";
		};
		91C123261ED966170087662C /* WMe */ = {
			isa = PBXGroup;
			children = (
				91C123271ED966170087662C /* Controller */,
				91C1232C1ED966170087662C /* Model */,
				91C1232F1ED966170087662C /* View */,
			);
			path = WMe;
			sourceTree = "<group>";
		};
		91C123271ED966170087662C /* Controller */ = {
			isa = PBXGroup;
			children = (
				91C123281ED966170087662C /* WUserEditViewController.h */,
				91C123291ED966170087662C /* WUserEditViewController.m */,
				91C1232A1ED966170087662C /* WUserViewController.h */,
				91C1232B1ED966170087662C /* WUserViewController.m */,
			);
			path = Controller;
			sourceTree = "<group>";
		};
		91C1232C1ED966170087662C /* Model */ = {
			isa = PBXGroup;
			children = (
				91C1232D1ED966170087662C /* WUserModel.h */,
				91C1232E1ED966170087662C /* WUserModel.m */,
			);
			path = Model;
			sourceTree = "<group>";
		};
		91C1232F1ED966170087662C /* View */ = {
			isa = PBXGroup;
			children = (
				91C123301ED966170087662C /* WUserHeadView.h */,
				91C123311ED966170087662C /* WUserHeadView.m */,
				91C123321ED966170087662C /* WUserTableViewCell.h */,
				91C123331ED966170087662C /* WUserTableViewCell.m */,
				91C123341ED966170087662C /* WUserTableViewCell.xib */,
			);
			path = View;
			sourceTree = "<group>";
		};
		91C123351ED966170087662C /* WMenstrual */ = {
			isa = PBXGroup;
			children = (
				91C123361ED966170087662C /* Controller */,
				91C123391ED966170087662C /* Model */,
				91C1233E1ED966170087662C /* View */,
			);
			path = WMenstrual;
			sourceTree = "<group>";
		};
		91C123361ED966170087662C /* Controller */ = {
			isa = PBXGroup;
			children = (
				91C123371ED966170087662C /* WMenstruatlController.h */,
				91C123381ED966170087662C /* WMenstruatlController.m */,
			);
			path = Controller;
			sourceTree = "<group>";
		};
		91C123391ED966170087662C /* Model */ = {
			isa = PBXGroup;
			children = (
				91C1233A1ED966170087662C /* WMenstrualModel.h */,
				91C1233B1ED966170087662C /* WMenstrualModel.m */,
				91C1233C1ED966170087662C /* WMenstrualPeriodAlgorithm.h */,
				91C1233D1ED966170087662C /* WMenstrualPeriodAlgorithm.m */,
			);
			path = Model;
			sourceTree = "<group>";
		};
		91C1233E1ED966170087662C /* View */ = {
			isa = PBXGroup;
			children = (
				91C1233F1ED966170087662C /* FlowAndPainTableViewCell.h */,
				91C123401ED966170087662C /* FlowAndPainTableViewCell.m */,
				91C123411ED966170087662C /* FlowAndPainTableViewCell.xib */,
				91C123421ED966170087662C /* SetPeriodTableViewCell.h */,
				91C123431ED966170087662C /* SetPeriodTableViewCell.m */,
				91C123441ED966170087662C /* SetPeriodTableViewCell.xib */,
				91C123451ED966170087662C /* WFllowersHeaderView.h */,
				91C123461ED966170087662C /* WFllowersHeaderView.m */,
			);
			path = View;
			sourceTree = "<group>";
		};
		91C123471ED966170087662C /* WRecord */ = {
			isa = PBXGroup;
			children = (
				91C123481ED966170087662C /* Controller */,
				91C123551ED966170087662C /* Model */,
				91C123561ED966170087662C /* View */,
				91C123611ED966170087662C /* WHealthDataManager.h */,
				91C123621ED966170087662C /* WHealthDataManager.m */,
			);
			path = WRecord;
			sourceTree = "<group>";
		};
		91C123481ED966170087662C /* Controller */ = {
			isa = PBXGroup;
			children = (
				91C123491ED966170087662C /* WCalendarVC.h */,
				91C1234A1ED966170087662C /* WCalendarVC.m */,
				91C1234B1ED966170087662C /* WCalendarViewController.h */,
				91C1234C1ED966170087662C /* WCalendarViewController.m */,
				91C1234D1ED966170087662C /* WChildViewController.h */,
				91C1234E1ED966170087662C /* WChildViewController.m */,
				91C1234F1ED966170087662C /* WDecideViewController.h */,
				91C123501ED966170087662C /* WDecideViewController.m */,
				91C123511ED966170087662C /* WPickViewController.h */,
				91C123521ED966170087662C /* WPickViewController.m */,
				91C123531ED966170087662C /* WRecordViewController.h */,
				91C123541ED966170087662C /* WRecordViewController.m */,
			);
			path = Controller;
			sourceTree = "<group>";
		};
		91C123551ED966170087662C /* Model */ = {
			isa = PBXGroup;
			children = (
			);
			path = Model;
			sourceTree = "<group>";
		};
		91C123561ED966170087662C /* View */ = {
			isa = PBXGroup;
			children = (
				91C123571ED966170087662C /* WCalendarCollectionViewCell.h */,
				91C123581ED966170087662C /* WCalendarCollectionViewCell.m */,
				91C123591ED966170087662C /* WCalendarView.h */,
				91C1235A1ED966170087662C /* WCalendarView.m */,
				91C1235B1ED966170087662C /* WCustomCalendarCell.h */,
				91C1235C1ED966170087662C /* WCustomCalendarCell.m */,
				91C1235D1ED966170087662C /* WRecordCategoryView.h */,
				91C1235E1ED966170087662C /* WRecordCategoryView.m */,
				91C1235F1ED966170087662C /* WRecordCircleView.h */,
				91C123601ED966170087662C /* WRecordCircleView.m */,
			);
			path = View;
			sourceTree = "<group>";
		};
		E0F506E1ED9A316BC3592A9D /* Frameworks */ = {
			isa = PBXGroup;
			children = (
				9127E2911E8A41EC00706D23 /* HealthKit.framework */,
				9127E28F1E8A41DC00706D23 /* MapKit.framework */,
				9127E28D1E8A41D400706D23 /* CoreLocation.framework */,
				F859A2507DCEBB891D21C142 /* libPods-W.a */,
			);
			name = Frameworks;
			sourceTree = "<group>";
		};
/* End PBXGroup section */

/* Begin PBXNativeTarget section */
		9127E2361E89FC1B00706D23 /* W */ = {
			isa = PBXNativeTarget;
			buildConfigurationList = 9127E24E1E89FC1B00706D23 /* Build configuration list for PBXNativeTarget "W" */;
			buildPhases = (
				85E95DBF2F55CD52BB6C77BD /* [CP] Check Pods Manifest.lock */,
				9127E2331E89FC1B00706D23 /* Sources */,
				9127E2341E89FC1B00706D23 /* Frameworks */,
				9127E2351E89FC1B00706D23 /* Resources */,
				02255E3516A90C915A212100 /* [CP] Embed Pods Frameworks */,
				F361E891FECAFF4A67307F95 /* [CP] Copy Pods Resources */,
			);
			buildRules = (
			);
			dependencies = (
			);
			name = W;
			productName = W;
			productReference = 9127E2371E89FC1B00706D23 /* W.app */;
			productType = "com.apple.product-type.application";
		};
/* End PBXNativeTarget section */

/* Begin PBXProject section */
		9127E22F1E89FC1B00706D23 /* Project object */ = {
			isa = PBXProject;
			attributes = {
				CLASSPREFIX = W;
				LastUpgradeCheck = 0800;
				ORGANIZATIONNAME = harry.qian;
				TargetAttributes = {
					9127E2361E89FC1B00706D23 = {
						CreatedOnToolsVersion = 8.0;
						DevelopmentTeam = ZV87992WEQ;
						ProvisioningStyle = Automatic;
						SystemCapabilities = {
							com.apple.HealthKit = {
								enabled = 1;
							};
						};
					};
				};
			};
			buildConfigurationList = 9127E2321E89FC1B00706D23 /* Build configuration list for PBXProject "W" */;
			compatibilityVersion = "Xcode 3.2";
			developmentRegion = English;
			hasScannedForEncodings = 0;
			knownRegions = (
				en,
				Base,
			);
			mainGroup = 9127E22E1E89FC1B00706D23;
			productRefGroup = 9127E2381E89FC1B00706D23 /* Products */;
			projectDirPath = "";
			projectRoot = "";
			targets = (
				9127E2361E89FC1B00706D23 /* W */,
			);
		};
/* End PBXProject section */

/* Begin PBXResourcesBuildPhase section */
		9127E2351E89FC1B00706D23 /* Resources */ = {
			isa = PBXResourcesBuildPhase;
			buildActionMask = 2147483647;
			files = (
				91A7048A1ED9682300EDB507 /* Launch Screen.storyboard in Resources */,
				91C1238A1ED966180087662C /* WUserTableViewCell.xib in Resources */,
				91C123911ED966180087662C /* SetPeriodTableViewCell.xib in Resources */,
				91C1236D1ED966170087662C /* Info.plist in Resources */,
				91C1238F1ED966180087662C /* FlowAndPainTableViewCell.xib in Resources */,
				91C1236C1ED966170087662C /* Images.xcassets in Resources */,
			);
			runOnlyForDeploymentPostprocessing = 0;
		};
/* End PBXResourcesBuildPhase section */

/* Begin PBXShellScriptBuildPhase section */
		02255E3516A90C915A212100 /* [CP] Embed Pods Frameworks */ = {
			isa = PBXShellScriptBuildPhase;
			buildActionMask = 2147483647;
			files = (
			);
			inputPaths = (
			);
			name = "[CP] Embed Pods Frameworks";
			outputPaths = (
			);
			runOnlyForDeploymentPostprocessing = 0;
			shellPath = /bin/sh;
			shellScript = "\"${SRCROOT}/Pods/Target Support Files/Pods-W/Pods-W-frameworks.sh\"\n";
			showEnvVarsInLog = 0;
		};
		85E95DBF2F55CD52BB6C77BD /* [CP] Check Pods Manifest.lock */ = {
			isa = PBXShellScriptBuildPhase;
			buildActionMask = 2147483647;
			files = (
			);
			inputPaths = (
			);
			name = "[CP] Check Pods Manifest.lock";
			outputPaths = (
			);
			runOnlyForDeploymentPostprocessing = 0;
			shellPath = /bin/sh;
			shellScript = "diff \"${PODS_ROOT}/../Podfile.lock\" \"${PODS_ROOT}/Manifest.lock\" > /dev/null\nif [[ $? != 0 ]] ; then\n    cat << EOM\nerror: The sandbox is not in sync with the Podfile.lock. Run 'pod install' or update your CocoaPods installation.\nEOM\n    exit 1\nfi\n";
			showEnvVarsInLog = 0;
		};
		F361E891FECAFF4A67307F95 /* [CP] Copy Pods Resources */ = {
			isa = PBXShellScriptBuildPhase;
			buildActionMask = 2147483647;
			files = (
			);
			inputPaths = (
			);
			name = "[CP] Copy Pods Resources";
			outputPaths = (
			);
			runOnlyForDeploymentPostprocessing = 0;
			shellPath = /bin/sh;
			shellScript = "\"${SRCROOT}/Pods/Target Support Files/Pods-W/Pods-W-resources.sh\"\n";
			showEnvVarsInLog = 0;
		};
/* End PBXShellScriptBuildPhase section */

/* Begin PBXSourcesBuildPhase section */
		9127E2331E89FC1B00706D23 /* Sources */ = {
			isa = PBXSourcesBuildPhase;
			buildActionMask = 2147483647;
			files = (
				91C123671ED966170087662C /* NSDate+WExtension.m in Sources */,
				91C123801ED966170087662C /* FSCalendarStickyHeader.m in Sources */,
				91C1237F1ED966170087662C /* FSCalendarScopeHandle.m in Sources */,
				91C1236F1ED966170087662C /* WBaseChart.m in Sources */,
				91C1237C1ED966170087662C /* FSCalendarDelegateProxy.m in Sources */,
				91C123901ED966180087662C /* SetPeriodTableViewCell.m in Sources */,
				91C123841ED966170087662C /* WAnalazyViewController.m in Sources */,
				91C123981ED966180087662C /* WRecordViewController.m in Sources */,
				91C123931ED966180087662C /* WCalendarVC.m in Sources */,
				91C123771ED966170087662C /* FSCalendarCalculator.m in Sources */,
				91C123811ED966170087662C /* FSCalendarWeekdayView.m in Sources */,
				91C123651ED966170087662C /* WNavigationController.m in Sources */,
				91C123721ED966170087662C /* WLineChart.m in Sources */,
				91C123691ED966170087662C /* WButton.m in Sources */,
				91C123861ED966180087662C /* WUserViewController.m in Sources */,
				91C123781ED966170087662C /* FSCalendarCell.m in Sources */,
				91C123791ED966170087662C /* FSCalendarCollectionView.m in Sources */,
				91C1236B1ED966170087662C /* WPageControl.m in Sources */,
				91C1237A1ED966170087662C /* FSCalendarCollectionViewLayout.m in Sources */,
				91C1239C1ED966180087662C /* WRecordCategoryView.m in Sources */,
				91C1239D1ED966180087662C /* WRecordCircleView.m in Sources */,
				91C123851ED966170087662C /* WUserEditViewController.m in Sources */,
				91C123661ED966170087662C /* WTabbarController.m in Sources */,
				91C1237D1ED966170087662C /* FSCalendarExtensions.m in Sources */,
				91C123881ED966180087662C /* WUserHeadView.m in Sources */,
				91C123971ED966180087662C /* WPickViewController.m in Sources */,
				91C1239A1ED966180087662C /* WCalendarView.m in Sources */,
				91C123831ED966170087662C /* WAllDataViewController.m in Sources */,
				91C123641ED966170087662C /* main.m in Sources */,
				91C123701ED966170087662C /* WChartFactory.m in Sources */,
				91C123951ED966180087662C /* WChildViewController.m in Sources */,
				91C123631ED966170087662C /* AppDelegate.m in Sources */,
				91C1237B1ED966170087662C /* FSCalendarConstants.m in Sources */,
				91C1238C1ED966180087662C /* WMenstrualModel.m in Sources */,
				91C123711ED966170087662C /* WColumChart.m in Sources */,
				91C1238E1ED966180087662C /* FlowAndPainTableViewCell.m in Sources */,
				91C123731ED966170087662C /* FSCalendar+Deprecated.m in Sources */,
				91C123821ED966170087662C /* WTransitionAnimation.m in Sources */,
				91C123941ED966180087662C /* WCalendarViewController.m in Sources */,
				91C123891ED966180087662C /* WUserTableViewCell.m in Sources */,
				91C123761ED966170087662C /* FSCalendarAppearance.m in Sources */,
				91C1239E1ED966180087662C /* WHealthDataManager.m in Sources */,
				91C123921ED966180087662C /* WFllowersHeaderView.m in Sources */,
				91C1236A1ED966170087662C /* WCustomSwitch.m in Sources */,
				91C123961ED966180087662C /* WDecideViewController.m in Sources */,
				91C123991ED966180087662C /* WCalendarCollectionViewCell.m in Sources */,
				91C1237E1ED966170087662C /* FSCalendarHeaderView.m in Sources */,
				91C123871ED966180087662C /* WUserModel.m in Sources */,
				91C1238D1ED966180087662C /* WMenstrualPeriodAlgorithm.m in Sources */,
				91C1239B1ED966180087662C /* WCustomCalendarCell.m in Sources */,
				91C123751ED966170087662C /* FSCalendarAnimator.m in Sources */,
				91C1238B1ED966180087662C /* WMenstruatlController.m in Sources */,
				91C123681ED966170087662C /* UIColor+WExtension.m in Sources */,
				91C123741ED966170087662C /* FSCalendar.m in Sources */,
			);
			runOnlyForDeploymentPostprocessing = 0;
		};
/* End PBXSourcesBuildPhase section */

/* Begin XCBuildConfiguration section */
		9127E24C1E89FC1B00706D23 /* Debug */ = {
			isa = XCBuildConfiguration;
			buildSettings = {
				ALWAYS_SEARCH_USER_PATHS = NO;
				CLANG_ANALYZER_NONNULL = YES;
				CLANG_CXX_LANGUAGE_STANDARD = "gnu++0x";
				CLANG_CXX_LIBRARY = "libc++";
				CLANG_ENABLE_MODULES = YES;
				CLANG_ENABLE_OBJC_ARC = YES;
				CLANG_WARN_BOOL_CONVERSION = YES;
				CLANG_WARN_CONSTANT_CONVERSION = YES;
				CLANG_WARN_DIRECT_OBJC_ISA_USAGE = YES_ERROR;
				CLANG_WARN_DOCUMENTATION_COMMENTS = YES;
				CLANG_WARN_EMPTY_BODY = YES;
				CLANG_WARN_ENUM_CONVERSION = YES;
				CLANG_WARN_INFINITE_RECURSION = YES;
				CLANG_WARN_INT_CONVERSION = YES;
				CLANG_WARN_OBJC_ROOT_CLASS = YES_ERROR;
				CLANG_WARN_SUSPICIOUS_MOVES = YES;
				CLANG_WARN_UNREACHABLE_CODE = YES;
				CLANG_WARN__DUPLICATE_METHOD_MATCH = YES;
				"CODE_SIGN_IDENTITY[sdk=iphoneos*]" = "iPhone Developer";
				COPY_PHASE_STRIP = NO;
				DEBUG_INFORMATION_FORMAT = dwarf;
				ENABLE_STRICT_OBJC_MSGSEND = YES;
				ENABLE_TESTABILITY = YES;
				GCC_C_LANGUAGE_STANDARD = gnu99;
				GCC_DYNAMIC_NO_PIC = NO;
				GCC_NO_COMMON_BLOCKS = YES;
				GCC_OPTIMIZATION_LEVEL = 0;
				GCC_PREPROCESSOR_DEFINITIONS = (
					"DEBUG=1",
					"$(inherited)",
				);
				GCC_WARN_64_TO_32_BIT_CONVERSION = YES;
				GCC_WARN_ABOUT_RETURN_TYPE = YES_ERROR;
				GCC_WARN_UNDECLARED_SELECTOR = YES;
				GCC_WARN_UNINITIALIZED_AUTOS = YES_AGGRESSIVE;
				GCC_WARN_UNUSED_FUNCTION = YES;
				GCC_WARN_UNUSED_VARIABLE = YES;
				IPHONEOS_DEPLOYMENT_TARGET = 10.0;
				MTL_ENABLE_DEBUG_INFO = YES;
				ONLY_ACTIVE_ARCH = YES;
				SDKROOT = iphoneos;
			};
			name = Debug;
		};
		9127E24D1E89FC1B00706D23 /* Release */ = {
			isa = XCBuildConfiguration;
			buildSettings = {
				ALWAYS_SEARCH_USER_PATHS = NO;
				CLANG_ANALYZER_NONNULL = YES;
				CLANG_CXX_LANGUAGE_STANDARD = "gnu++0x";
				CLANG_CXX_LIBRARY = "libc++";
				CLANG_ENABLE_MODULES = YES;
				CLANG_ENABLE_OBJC_ARC = YES;
				CLANG_WARN_BOOL_CONVERSION = YES;
				CLANG_WARN_CONSTANT_CONVERSION = YES;
				CLANG_WARN_DIRECT_OBJC_ISA_USAGE = YES_ERROR;
				CLANG_WARN_DOCUMENTATION_COMMENTS = YES;
				CLANG_WARN_EMPTY_BODY = YES;
				CLANG_WARN_ENUM_CONVERSION = YES;
				CLANG_WARN_INFINITE_RECURSION = YES;
				CLANG_WARN_INT_CONVERSION = YES;
				CLANG_WARN_OBJC_ROOT_CLASS = YES_ERROR;
				CLANG_WARN_SUSPICIOUS_MOVES = YES;
				CLANG_WARN_UNREACHABLE_CODE = YES;
				CLANG_WARN__DUPLICATE_METHOD_MATCH = YES;
				"CODE_SIGN_IDENTITY[sdk=iphoneos*]" = "iPhone Developer";
				COPY_PHASE_STRIP = NO;
				DEBUG_INFORMATION_FORMAT = "dwarf-with-dsym";
				ENABLE_NS_ASSERTIONS = NO;
				ENABLE_STRICT_OBJC_MSGSEND = YES;
				GCC_C_LANGUAGE_STANDARD = gnu99;
				GCC_NO_COMMON_BLOCKS = YES;
				GCC_WARN_64_TO_32_BIT_CONVERSION = YES;
				GCC_WARN_ABOUT_RETURN_TYPE = YES_ERROR;
				GCC_WARN_UNDECLARED_SELECTOR = YES;
				GCC_WARN_UNINITIALIZED_AUTOS = YES_AGGRESSIVE;
				GCC_WARN_UNUSED_FUNCTION = YES;
				GCC_WARN_UNUSED_VARIABLE = YES;
				IPHONEOS_DEPLOYMENT_TARGET = 10.0;
				MTL_ENABLE_DEBUG_INFO = NO;
				SDKROOT = iphoneos;
				VALIDATE_PRODUCT = YES;
			};
			name = Release;
		};
		9127E24F1E89FC1B00706D23 /* Debug */ = {
			isa = XCBuildConfiguration;
			baseConfigurationReference = E45D223DB5AE50AED17DBEC7 /* Pods-W.debug.xcconfig */;
			buildSettings = {
				ASSETCATALOG_COMPILER_APPICON_NAME = AppIcon;
				CODE_SIGN_ENTITLEMENTS = W/W.entitlements;
				"CODE_SIGN_IDENTITY[sdk=iphoneos*]" = "iPhone Developer";
				DEVELOPMENT_TEAM = ZV87992WEQ;
				GCC_PRECOMPILE_PREFIX_HEADER = YES;
				GCC_PREFIX_HEADER = "$(PROJECT_DIR)/W/Tools/PrefixHeader.pch";
				INFOPLIST_FILE = W/Info.plist;
				LD_RUNPATH_SEARCH_PATHS = "$(inherited) @executable_path/Frameworks";
				PRODUCT_BUNDLE_IDENTIFIER = wang.erisw.Ww1;
				PRODUCT_NAME = "$(TARGET_NAME)";
				PROVISIONING_PROFILE = "";
				PROVISIONING_PROFILE_SPECIFIER = "";
			};
			name = Debug;
		};
		9127E2501E89FC1B00706D23 /* Release */ = {
			isa = XCBuildConfiguration;
			baseConfigurationReference = A15CFD733427EA5DD38171A4 /* Pods-W.release.xcconfig */;
			buildSettings = {
				ASSETCATALOG_COMPILER_APPICON_NAME = AppIcon;
				CODE_SIGN_ENTITLEMENTS = W/W.entitlements;
				"CODE_SIGN_IDENTITY[sdk=iphoneos*]" = "iPhone Developer";
				DEVELOPMENT_TEAM = ZV87992WEQ;
				GCC_PRECOMPILE_PREFIX_HEADER = YES;
				GCC_PREFIX_HEADER = "$(PROJECT_DIR)/W/Tools/PrefixHeader.pch";
				INFOPLIST_FILE = W/Info.plist;
				LD_RUNPATH_SEARCH_PATHS = "$(inherited) @executable_path/Frameworks";
				PRODUCT_BUNDLE_IDENTIFIER = wang.erisw.Ww1;
				PRODUCT_NAME = "$(TARGET_NAME)";
				PROVISIONING_PROFILE_SPECIFIER = "";
			};
			name = Release;
		};
/* End XCBuildConfiguration section */

/* Begin XCConfigurationList section */
		9127E2321E89FC1B00706D23 /* Build configuration list for PBXProject "W" */ = {
			isa = XCConfigurationList;
			buildConfigurations = (
				9127E24C1E89FC1B00706D23 /* Debug */,
				9127E24D1E89FC1B00706D23 /* Release */,
			);
			defaultConfigurationIsVisible = 0;
			defaultConfigurationName = Release;
		};
		9127E24E1E89FC1B00706D23 /* Build configuration list for PBXNativeTarget "W" */ = {
			isa = XCConfigurationList;
			buildConfigurations = (
				9127E24F1E89FC1B00706D23 /* Debug */,
				9127E2501E89FC1B00706D23 /* Release */,
			);
			defaultConfigurationIsVisible = 0;
			defaultConfigurationName = Release;
		};
/* End XCConfigurationList section */
	};
	rootObject = 9127E22F1E89FC1B00706D23 /* Project object */;
}
